<?xml version="1.0" encoding="UTF-8"?>
<!DOCTYPE plist PUBLIC "-//Apple//DTD PLIST 1.0//EN" "http://www.apple.com/DTDs/PropertyList-1.0.dtd">
<plist version="1.0">
<dict>
	<key>archiveVersion</key>
	<string>1</string>
	<key>classes</key>
	<dict/>
	<key>objectVersion</key>
	<string>46</string>
	<key>objects</key>
	<dict>
		<key>0297E423BED330F0C20E2788</key>
		<dict>
			<key>includeInIndex</key>
			<string>1</string>
			<key>isa</key>
			<string>PBXFileReference</string>
			<key>lastKnownFileType</key>
			<string>text.xcconfig</string>
			<key>name</key>
			<string>Pods.release.xcconfig</string>
			<key>path</key>
			<string>Pods/Target Support Files/Pods/Pods.release.xcconfig</string>
			<key>sourceTree</key>
			<string>&lt;group&gt;</string>
		</dict>
		<key>143C2CDC18203DBB00DFCD05</key>
		<dict>
			<key>isa</key>
			<string>PBXFileReference</string>
			<key>lastKnownFileType</key>
			<string>wrapper.framework</string>
			<key>path</key>
			<string>Parse.framework</string>
			<key>sourceTree</key>
			<string>&lt;group&gt;</string>
		</dict>
		<key>143C2CDD18203DBB00DFCD05</key>
		<dict>
			<key>fileRef</key>
			<string>143C2CDC18203DBB00DFCD05</string>
			<key>isa</key>
			<string>PBXBuildFile</string>
		</dict>
		<key>143C2CDE182058B900DFCD05</key>
		<dict>
			<key>isa</key>
			<string>PBXFileReference</string>
			<key>lastKnownFileType</key>
			<string>wrapper.framework</string>
			<key>path</key>
			<string>FacebookSDK.framework</string>
			<key>sourceTree</key>
			<string>&lt;group&gt;</string>
		</dict>
		<key>143C2CDF182058B900DFCD05</key>
		<dict>
			<key>fileRef</key>
			<string>143C2CDE182058B900DFCD05</string>
			<key>isa</key>
			<string>PBXBuildFile</string>
		</dict>
		<key>26BDF1B9A62CA224B83A16B4</key>
		<dict>
			<key>buildActionMask</key>
			<string>2147483647</string>
			<key>files</key>
			<array/>
			<key>inputPaths</key>
			<array/>
			<key>isa</key>
			<string>PBXShellScriptBuildPhase</string>
			<key>name</key>
			<string>Copy Pods Resources</string>
			<key>outputPaths</key>
			<array/>
			<key>runOnlyForDeploymentPostprocessing</key>
			<string>0</string>
			<key>shellPath</key>
			<string>/bin/sh</string>
			<key>shellScript</key>
			<string>"${SRCROOT}/Pods/Target Support Files/Pods/Pods-resources.sh"
</string>
			<key>showEnvVarsInLog</key>
			<string>0</string>
		</dict>
		<key>380207091A280C300087CF76</key>
		<dict>
			<key>fileEncoding</key>
			<string>4</string>
			<key>isa</key>
			<string>PBXFileReference</string>
			<key>lastKnownFileType</key>
			<string>sourcecode.c.h</string>
			<key>name</key>
			<string>tripViewController.h</string>
			<key>path</key>
			<string>../tripViewController.h</string>
			<key>sourceTree</key>
			<string>&lt;group&gt;</string>
		</dict>
		<key>3802070A1A280C300087CF76</key>
		<dict>
			<key>fileEncoding</key>
			<string>4</string>
			<key>isa</key>
			<string>PBXFileReference</string>
			<key>lastKnownFileType</key>
			<string>sourcecode.c.objc</string>
			<key>name</key>
			<string>tripViewController.m</string>
			<key>path</key>
			<string>../tripViewController.m</string>
			<key>sourceTree</key>
			<string>&lt;group&gt;</string>
		</dict>
		<key>3802070B1A280C300087CF76</key>
		<dict>
			<key>fileEncoding</key>
			<string>4</string>
			<key>isa</key>
			<string>PBXFileReference</string>
			<key>lastKnownFileType</key>
			<string>file.xib</string>
			<key>name</key>
			<string>tripViewController.xib</string>
			<key>path</key>
			<string>../tripViewController.xib</string>
			<key>sourceTree</key>
			<string>&lt;group&gt;</string>
		</dict>
		<key>3802070C1A280C300087CF76</key>
		<dict>
			<key>fileRef</key>
			<string>3802070A1A280C300087CF76</string>
			<key>isa</key>
			<string>PBXBuildFile</string>
		</dict>
		<key>3802070D1A280C300087CF76</key>
		<dict>
			<key>fileRef</key>
			<string>3802070B1A280C300087CF76</string>
			<key>isa</key>
			<string>PBXBuildFile</string>
		</dict>
		<key>381B15DB1A69B4F300BD678C</key>
		<dict>
			<key>fileEncoding</key>
			<string>4</string>
			<key>isa</key>
			<string>PBXFileReference</string>
			<key>lastKnownFileType</key>
			<string>file.xib</string>
			<key>path</key>
			<string>AirspressTravelCell.xib</string>
			<key>sourceTree</key>
			<string>&lt;group&gt;</string>
		</dict>
		<key>381B15DC1A69B4F300BD678C</key>
		<dict>
			<key>fileEncoding</key>
			<string>4</string>
			<key>isa</key>
			<string>PBXFileReference</string>
			<key>lastKnownFileType</key>
			<string>sourcecode.c.h</string>
			<key>path</key>
			<string>AirspressTravelCell.h</string>
			<key>sourceTree</key>
			<string>&lt;group&gt;</string>
		</dict>
		<key>381B15DD1A69B4F300BD678C</key>
		<dict>
			<key>fileEncoding</key>
			<string>4</string>
			<key>isa</key>
			<string>PBXFileReference</string>
			<key>lastKnownFileType</key>
			<string>sourcecode.c.objc</string>
			<key>path</key>
			<string>AirspressTravelCell.m</string>
			<key>sourceTree</key>
			<string>&lt;group&gt;</string>
		</dict>
		<key>381B15DE1A69B4F300BD678C</key>
		<dict>
			<key>fileRef</key>
			<string>381B15DB1A69B4F300BD678C</string>
			<key>isa</key>
			<string>PBXBuildFile</string>
		</dict>
		<key>381B15DF1A69B4F300BD678C</key>
		<dict>
			<key>fileRef</key>
			<string>381B15DD1A69B4F300BD678C</string>
			<key>isa</key>
			<string>PBXBuildFile</string>
		</dict>
		<key>38274F101A435745007F2474</key>
		<dict>
			<key>fileEncoding</key>
			<string>4</string>
			<key>isa</key>
			<string>PBXFileReference</string>
			<key>lastKnownFileType</key>
			<string>sourcecode.c.h</string>
			<key>name</key>
			<string>tripDetailViewController.h</string>
			<key>path</key>
			<string>../tripDetailViewController.h</string>
			<key>sourceTree</key>
			<string>&lt;group&gt;</string>
		</dict>
		<key>38274F111A435745007F2474</key>
		<dict>
			<key>fileEncoding</key>
			<string>4</string>
			<key>isa</key>
			<string>PBXFileReference</string>
			<key>lastKnownFileType</key>
			<string>sourcecode.c.objc</string>
			<key>name</key>
			<string>tripDetailViewController.m</string>
			<key>path</key>
			<string>../tripDetailViewController.m</string>
			<key>sourceTree</key>
			<string>&lt;group&gt;</string>
		</dict>
		<key>38274F121A435745007F2474</key>
		<dict>
			<key>fileEncoding</key>
			<string>4</string>
			<key>isa</key>
			<string>PBXFileReference</string>
			<key>lastKnownFileType</key>
			<string>file.xib</string>
			<key>name</key>
			<string>tripDetailViewController.xib</string>
			<key>path</key>
			<string>../tripDetailViewController.xib</string>
			<key>sourceTree</key>
			<string>&lt;group&gt;</string>
		</dict>
		<key>38274F131A435745007F2474</key>
		<dict>
			<key>fileRef</key>
			<string>38274F111A435745007F2474</string>
			<key>isa</key>
			<string>PBXBuildFile</string>
		</dict>
		<key>38274F141A435745007F2474</key>
		<dict>
			<key>fileRef</key>
			<string>38274F121A435745007F2474</string>
			<key>isa</key>
			<string>PBXBuildFile</string>
		</dict>
		<key>383F04C61A52010600DC8267</key>
		<dict>
			<key>fileEncoding</key>
			<string>4</string>
			<key>isa</key>
			<string>PBXFileReference</string>
			<key>lastKnownFileType</key>
			<string>sourcecode.c.h</string>
			<key>name</key>
			<string>EditProfileViewController.h</string>
			<key>path</key>
			<string>../EditProfileViewController.h</string>
			<key>sourceTree</key>
			<string>&lt;group&gt;</string>
		</dict>
		<key>383F04C71A52010600DC8267</key>
		<dict>
			<key>fileEncoding</key>
			<string>4</string>
			<key>isa</key>
			<string>PBXFileReference</string>
			<key>lastKnownFileType</key>
			<string>sourcecode.c.objc</string>
			<key>name</key>
			<string>EditProfileViewController.m</string>
			<key>path</key>
			<string>../EditProfileViewController.m</string>
			<key>sourceTree</key>
			<string>&lt;group&gt;</string>
		</dict>
		<key>383F04C81A52010600DC8267</key>
		<dict>
			<key>fileEncoding</key>
			<string>4</string>
			<key>isa</key>
			<string>PBXFileReference</string>
			<key>lastKnownFileType</key>
			<string>file.xib</string>
			<key>name</key>
			<string>EditProfileViewController.xib</string>
			<key>path</key>
			<string>../EditProfileViewController.xib</string>
			<key>sourceTree</key>
			<string>&lt;group&gt;</string>
		</dict>
		<key>383F04C91A52010600DC8267</key>
		<dict>
			<key>fileRef</key>
			<string>383F04C71A52010600DC8267</string>
			<key>isa</key>
			<string>PBXBuildFile</string>
		</dict>
		<key>383F04CA1A52010600DC8267</key>
		<dict>
			<key>fileRef</key>
			<string>383F04C81A52010600DC8267</string>
			<key>isa</key>
			<string>PBXBuildFile</string>
		</dict>
		<key>383F04D01A5B0E1000DC8267</key>
		<dict>
			<key>fileEncoding</key>
			<string>4</string>
			<key>isa</key>
			<string>PBXFileReference</string>
			<key>lastKnownFileType</key>
			<string>sourcecode.c.h</string>
			<key>name</key>
			<string>AirspressProfileViewController.h</string>
			<key>path</key>
			<string>../../AirspressProfileViewController.h</string>
			<key>sourceTree</key>
			<string>&lt;group&gt;</string>
		</dict>
		<key>383F04D11A5B0E1000DC8267</key>
		<dict>
			<key>fileEncoding</key>
			<string>4</string>
			<key>isa</key>
			<string>PBXFileReference</string>
			<key>lastKnownFileType</key>
			<string>sourcecode.c.objc</string>
			<key>name</key>
			<string>AirspressProfileViewController.m</string>
			<key>path</key>
			<string>../../AirspressProfileViewController.m</string>
			<key>sourceTree</key>
			<string>&lt;group&gt;</string>
		</dict>
		<key>383F04D21A5B0E1000DC8267</key>
		<dict>
			<key>fileEncoding</key>
			<string>4</string>
			<key>isa</key>
			<string>PBXFileReference</string>
			<key>lastKnownFileType</key>
			<string>file.xib</string>
			<key>name</key>
			<string>AirspressProfileViewController.xib</string>
			<key>path</key>
			<string>../../AirspressProfileViewController.xib</string>
			<key>sourceTree</key>
			<string>&lt;group&gt;</string>
		</dict>
		<key>383F04D31A5B0E1000DC8267</key>
		<dict>
			<key>fileRef</key>
			<string>383F04D11A5B0E1000DC8267</string>
			<key>isa</key>
			<string>PBXBuildFile</string>
		</dict>
		<key>383F04D41A5B0E1000DC8267</key>
		<dict>
			<key>fileRef</key>
			<string>383F04D21A5B0E1000DC8267</string>
			<key>isa</key>
			<string>PBXBuildFile</string>
		</dict>
		<key>3854FEEF1A2B6B900062A818</key>
		<dict>
			<key>fileEncoding</key>
			<string>4</string>
			<key>isa</key>
			<string>PBXFileReference</string>
			<key>lastKnownFileType</key>
			<string>sourcecode.c.h</string>
			<key>name</key>
			<string>deliverersViewController.h</string>
			<key>path</key>
			<string>../deliverersViewController.h</string>
			<key>sourceTree</key>
			<string>&lt;group&gt;</string>
		</dict>
		<key>3854FEF01A2B6B900062A818</key>
		<dict>
			<key>fileEncoding</key>
			<string>4</string>
			<key>isa</key>
			<string>PBXFileReference</string>
			<key>lastKnownFileType</key>
			<string>sourcecode.c.objc</string>
			<key>name</key>
			<string>deliverersViewController.m</string>
			<key>path</key>
			<string>../deliverersViewController.m</string>
			<key>sourceTree</key>
			<string>&lt;group&gt;</string>
		</dict>
		<key>3854FEF21A2B6B900062A818</key>
		<dict>
			<key>fileRef</key>
			<string>3854FEF01A2B6B900062A818</string>
			<key>isa</key>
			<string>PBXBuildFile</string>
		</dict>
		<key>3854FEF41A2BAA7B0062A818</key>
		<dict>
			<key>fileEncoding</key>
			<string>4</string>
			<key>isa</key>
			<string>PBXFileReference</string>
			<key>lastKnownFileType</key>
			<string>sourcecode.c.h</string>
			<key>path</key>
			<string>deliveryRequestViewController.h</string>
			<key>sourceTree</key>
			<string>&lt;group&gt;</string>
		</dict>
		<key>3854FEF51A2BAA7B0062A818</key>
		<dict>
			<key>fileEncoding</key>
			<string>4</string>
			<key>isa</key>
			<string>PBXFileReference</string>
			<key>lastKnownFileType</key>
			<string>sourcecode.c.objc</string>
			<key>path</key>
			<string>deliveryRequestViewController.m</string>
			<key>sourceTree</key>
			<string>&lt;group&gt;</string>
		</dict>
		<key>3854FEF61A2BAA7B0062A818</key>
		<dict>
			<key>fileEncoding</key>
			<string>4</string>
			<key>isa</key>
			<string>PBXFileReference</string>
			<key>lastKnownFileType</key>
			<string>file.xib</string>
			<key>path</key>
			<string>deliveryRequestViewController.xib</string>
			<key>sourceTree</key>
			<string>&lt;group&gt;</string>
		</dict>
		<key>3854FEF71A2BAA7B0062A818</key>
		<dict>
			<key>fileRef</key>
			<string>3854FEF51A2BAA7B0062A818</string>
			<key>isa</key>
			<string>PBXBuildFile</string>
		</dict>
		<key>3854FEF81A2BAA7B0062A818</key>
		<dict>
			<key>fileRef</key>
			<string>3854FEF61A2BAA7B0062A818</string>
			<key>isa</key>
			<string>PBXBuildFile</string>
		</dict>
		<key>386341D71A64EA0C00FA1335</key>
		<dict>
			<key>isa</key>
			<string>PBXFileReference</string>
			<key>lastKnownFileType</key>
			<string>image.png</string>
			<key>path</key>
			<string>airplane_takeoff.png</string>
			<key>sourceTree</key>
			<string>&lt;group&gt;</string>
		</dict>
		<key>386341D81A64EA0C00FA1335</key>
		<dict>
			<key>isa</key>
			<string>PBXFileReference</string>
			<key>lastKnownFileType</key>
			<string>image.png</string>
			<key>path</key>
			<string>airplane_landing.png</string>
			<key>sourceTree</key>
			<string>&lt;group&gt;</string>
		</dict>
		<key>386341D91A64EA0C00FA1335</key>
		<dict>
			<key>fileRef</key>
			<string>386341D71A64EA0C00FA1335</string>
			<key>isa</key>
			<string>PBXBuildFile</string>
		</dict>
		<key>386341DA1A64EA0C00FA1335</key>
		<dict>
			<key>fileRef</key>
			<string>386341D81A64EA0C00FA1335</string>
			<key>isa</key>
			<string>PBXBuildFile</string>
		</dict>
		<key>386341DB1A64EB1B00FA1335</key>
		<dict>
			<key>isa</key>
			<string>PBXFileReference</string>
			<key>lastKnownFileType</key>
			<string>image.png</string>
			<key>path</key>
			<string>1421150182_airplane_landing.png</string>
			<key>sourceTree</key>
			<string>&lt;group&gt;</string>
		</dict>
		<key>386341DC1A64EB1B00FA1335</key>
		<dict>
			<key>isa</key>
			<string>PBXFileReference</string>
			<key>lastKnownFileType</key>
			<string>image.png</string>
			<key>path</key>
			<string>1421150161_airplane_takeoff.png</string>
			<key>sourceTree</key>
			<string>&lt;group&gt;</string>
		</dict>
		<key>386341DD1A64EB1B00FA1335</key>
		<dict>
			<key>fileRef</key>
			<string>386341DB1A64EB1B00FA1335</string>
			<key>isa</key>
			<string>PBXBuildFile</string>
		</dict>
		<key>386341DE1A64EB1B00FA1335</key>
		<dict>
			<key>fileRef</key>
			<string>386341DC1A64EB1B00FA1335</string>
			<key>isa</key>
			<string>PBXBuildFile</string>
		</dict>
		<key>38851ABF1A4BC78500F201DD</key>
		<dict>
			<key>isa</key>
			<string>PBXFileReference</string>
			<key>lastKnownFileType</key>
			<string>image.png</string>
			<key>path</key>
			<string>plus.png</string>
			<key>sourceTree</key>
			<string>&lt;group&gt;</string>
		</dict>
		<key>38851AC01A4BC78500F201DD</key>
		<dict>
			<key>fileRef</key>
			<string>38851ABF1A4BC78500F201DD</string>
			<key>isa</key>
			<string>PBXBuildFile</string>
		</dict>
		<key>389CCB381A43FECA00378D36</key>
		<dict>
			<key>fileEncoding</key>
			<string>4</string>
			<key>isa</key>
			<string>PBXFileReference</string>
			<key>lastKnownFileType</key>
			<string>sourcecode.c.h</string>
			<key>name</key>
			<string>searchViewController.h</string>
			<key>path</key>
			<string>../searchViewController.h</string>
			<key>sourceTree</key>
			<string>&lt;group&gt;</string>
		</dict>
		<key>389CCB391A43FECA00378D36</key>
		<dict>
			<key>fileEncoding</key>
			<string>4</string>
			<key>isa</key>
			<string>PBXFileReference</string>
			<key>lastKnownFileType</key>
			<string>sourcecode.c.objc</string>
			<key>name</key>
			<string>searchViewController.m</string>
			<key>path</key>
			<string>../searchViewController.m</string>
			<key>sourceTree</key>
			<string>&lt;group&gt;</string>
		</dict>
		<key>389CCB3A1A43FECA00378D36</key>
		<dict>
			<key>fileEncoding</key>
			<string>4</string>
			<key>isa</key>
			<string>PBXFileReference</string>
			<key>lastKnownFileType</key>
			<string>file.xib</string>
			<key>name</key>
			<string>searchViewController.xib</string>
			<key>path</key>
			<string>../searchViewController.xib</string>
			<key>sourceTree</key>
			<string>&lt;group&gt;</string>
		</dict>
		<key>389CCB3B1A43FECA00378D36</key>
		<dict>
			<key>fileRef</key>
			<string>389CCB391A43FECA00378D36</string>
			<key>isa</key>
			<string>PBXBuildFile</string>
		</dict>
		<key>389CCB3C1A43FECA00378D36</key>
		<dict>
			<key>fileRef</key>
			<string>389CCB3A1A43FECA00378D36</string>
			<key>isa</key>
			<string>PBXBuildFile</string>
		</dict>
		<key>389CCB421A4A645F00378D36</key>
		<dict>
			<key>fileEncoding</key>
			<string>4</string>
			<key>isa</key>
			<string>PBXFileReference</string>
			<key>lastKnownFileType</key>
			<string>sourcecode.c.h</string>
			<key>path</key>
			<string>AirspressLoginViewController.h</string>
			<key>sourceTree</key>
			<string>&lt;group&gt;</string>
		</dict>
		<key>389CCB431A4A645F00378D36</key>
		<dict>
			<key>fileEncoding</key>
			<string>4</string>
			<key>isa</key>
			<string>PBXFileReference</string>
			<key>lastKnownFileType</key>
			<string>sourcecode.c.objc</string>
			<key>path</key>
			<string>AirspressLoginViewController.m</string>
			<key>sourceTree</key>
			<string>&lt;group&gt;</string>
		</dict>
		<key>389CCB441A4A645F00378D36</key>
		<dict>
			<key>fileRef</key>
			<string>389CCB431A4A645F00378D36</string>
			<key>isa</key>
			<string>PBXBuildFile</string>
		</dict>
		<key>389D59741A4B522000E26258</key>
		<dict>
			<key>isa</key>
			<string>PBXFileReference</string>
			<key>lastKnownFileType</key>
			<string>image.png</string>
			<key>path</key>
			<string>add139.png</string>
			<key>sourceTree</key>
			<string>&lt;group&gt;</string>
		</dict>
		<key>389D59751A4B522000E26258</key>
		<dict>
			<key>fileRef</key>
			<string>389D59741A4B522000E26258</string>
			<key>isa</key>
			<string>PBXBuildFile</string>
		</dict>
		<key>389D59761A4B53EA00E26258</key>
		<dict>
			<key>fileEncoding</key>
			<string>4</string>
			<key>isa</key>
			<string>PBXFileReference</string>
			<key>lastKnownFileType</key>
			<string>sourcecode.c.objc</string>
			<key>path</key>
			<string>AirspressTabBarController.m</string>
			<key>sourceTree</key>
			<string>&lt;group&gt;</string>
		</dict>
		<key>389D59771A4B53EA00E26258</key>
		<dict>
			<key>fileEncoding</key>
			<string>4</string>
			<key>isa</key>
			<string>PBXFileReference</string>
			<key>lastKnownFileType</key>
			<string>sourcecode.c.h</string>
			<key>path</key>
			<string>AirspressTabBarController.h</string>
			<key>sourceTree</key>
			<string>&lt;group&gt;</string>
		</dict>
		<key>389D59781A4B53EA00E26258</key>
		<dict>
			<key>fileRef</key>
			<string>389D59761A4B53EA00E26258</string>
			<key>isa</key>
			<string>PBXBuildFile</string>
		</dict>
		<key>389D59791A4B76D300E26258</key>
		<dict>
			<key>isa</key>
			<string>PBXFileReference</string>
			<key>lastKnownFileType</key>
			<string>image.png</string>
			<key>path</key>
			<string>user160.png</string>
			<key>sourceTree</key>
			<string>&lt;group&gt;</string>
		</dict>
		<key>389D597A1A4B76D300E26258</key>
		<dict>
			<key>fileRef</key>
			<string>389D59791A4B76D300E26258</string>
			<key>isa</key>
			<string>PBXBuildFile</string>
		</dict>
		<key>389D597B1A4B90D400E26258</key>
		<dict>
			<key>isa</key>
			<string>PBXFileReference</string>
			<key>lastKnownFileType</key>
			<string>image.png</string>
			<key>path</key>
			<string>user16.png</string>
			<key>sourceTree</key>
			<string>&lt;group&gt;</string>
		</dict>
		<key>389D597C1A4B90D400E26258</key>
		<dict>
			<key>fileRef</key>
			<string>389D597B1A4B90D400E26258</string>
			<key>isa</key>
			<string>PBXBuildFile</string>
		</dict>
		<key>389D597D1A4B912600E26258</key>
		<dict>
			<key>isa</key>
			<string>PBXFileReference</string>
			<key>lastKnownFileType</key>
			<string>image.png</string>
			<key>path</key>
			<string>user.png</string>
			<key>sourceTree</key>
			<string>&lt;group&gt;</string>
		</dict>
		<key>389D597E1A4B912600E26258</key>
		<dict>
			<key>fileRef</key>
			<string>389D597D1A4B912600E26258</string>
			<key>isa</key>
			<string>PBXBuildFile</string>
		</dict>
		<key>38B19AD51A61A16200CFDB86</key>
		<dict>
			<key>isa</key>
			<string>PBXFileReference</string>
			<key>lastKnownFileType</key>
			<string>image.png</string>
			<key>path</key>
			<string>plane.png</string>
			<key>sourceTree</key>
			<string>&lt;group&gt;</string>
		</dict>
		<key>38B19AD61A61A16200CFDB86</key>
		<dict>
			<key>fileRef</key>
			<string>38B19AD51A61A16200CFDB86</string>
			<key>isa</key>
			<string>PBXBuildFile</string>
		</dict>
		<key>38B19AD91A61A54D00CFDB86</key>
		<dict>
			<key>fileEncoding</key>
			<string>4</string>
			<key>isa</key>
			<string>PBXFileReference</string>
			<key>lastKnownFileType</key>
			<string>sourcecode.c.h</string>
			<key>path</key>
			<string>cellForTravelTableViewCell.h</string>
			<key>sourceTree</key>
			<string>&lt;group&gt;</string>
		</dict>
		<key>38B19ADA1A61A54D00CFDB86</key>
		<dict>
			<key>fileEncoding</key>
			<string>4</string>
			<key>isa</key>
			<string>PBXFileReference</string>
			<key>lastKnownFileType</key>
			<string>sourcecode.c.objc</string>
			<key>path</key>
			<string>cellForTravelTableViewCell.m</string>
			<key>sourceTree</key>
			<string>&lt;group&gt;</string>
		</dict>
		<key>38B19ADB1A61A54D00CFDB86</key>
		<dict>
			<key>fileEncoding</key>
			<string>4</string>
			<key>isa</key>
			<string>PBXFileReference</string>
			<key>lastKnownFileType</key>
			<string>file.xib</string>
			<key>path</key>
			<string>cellForTravelTableViewCell.xib</string>
			<key>sourceTree</key>
			<string>&lt;group&gt;</string>
		</dict>
		<key>38B19ADC1A61A54D00CFDB86</key>
		<dict>
			<key>fileRef</key>
			<string>38B19ADA1A61A54D00CFDB86</string>
			<key>isa</key>
			<string>PBXBuildFile</string>
		</dict>
		<key>38B19ADD1A61A54D00CFDB86</key>
		<dict>
			<key>fileRef</key>
			<string>38B19ADB1A61A54D00CFDB86</string>
			<key>isa</key>
			<string>PBXBuildFile</string>
		</dict>
		<key>38B19AE11A61FEF000CFDB86</key>
		<dict>
			<key>isa</key>
			<string>PBXFileReference</string>
			<key>lastKnownFileType</key>
			<string>image.png</string>
			<key>path</key>
			<string>userProfile.png</string>
			<key>sourceTree</key>
			<string>&lt;group&gt;</string>
		</dict>
		<key>38B19AE21A61FEF000CFDB86</key>
		<dict>
			<key>fileRef</key>
			<string>38B19AE11A61FEF000CFDB86</string>
			<key>isa</key>
			<string>PBXBuildFile</string>
		</dict>
		<key>38BF5FB91A2B37C0000ABA60</key>
		<dict>
			<key>fileEncoding</key>
			<string>4</string>
			<key>isa</key>
			<string>PBXFileReference</string>
			<key>lastKnownFileType</key>
			<string>sourcecode.c.h</string>
			<key>path</key>
			<string>orderViewController.h</string>
			<key>sourceTree</key>
			<string>&lt;group&gt;</string>
		</dict>
		<key>38BF5FBA1A2B37C0000ABA60</key>
		<dict>
			<key>fileEncoding</key>
			<string>4</string>
			<key>isa</key>
			<string>PBXFileReference</string>
			<key>lastKnownFileType</key>
			<string>sourcecode.c.objc</string>
			<key>path</key>
			<string>orderViewController.m</string>
			<key>sourceTree</key>
			<string>&lt;group&gt;</string>
		</dict>
		<key>38BF5FBB1A2B37C0000ABA60</key>
		<dict>
			<key>fileEncoding</key>
			<string>4</string>
			<key>isa</key>
			<string>PBXFileReference</string>
			<key>lastKnownFileType</key>
			<string>file.xib</string>
			<key>path</key>
			<string>orderViewController.xib</string>
			<key>sourceTree</key>
			<string>&lt;group&gt;</string>
		</dict>
		<key>38BF5FBC1A2B37C0000ABA60</key>
		<dict>
			<key>fileRef</key>
			<string>38BF5FBA1A2B37C0000ABA60</string>
			<key>isa</key>
			<string>PBXBuildFile</string>
		</dict>
		<key>38BF5FBD1A2B37C0000ABA60</key>
		<dict>
			<key>fileRef</key>
			<string>38BF5FBB1A2B37C0000ABA60</string>
			<key>isa</key>
			<string>PBXBuildFile</string>
		</dict>
		<key>38C0C1ED1A63801000132AF1</key>
		<dict>
			<key>fileEncoding</key>
			<string>4</string>
			<key>isa</key>
			<string>PBXFileReference</string>
			<key>lastKnownFileType</key>
			<string>sourcecode.c.h</string>
			<key>path</key>
			<string>Confirmation2ViewController.h</string>
			<key>sourceTree</key>
			<string>&lt;group&gt;</string>
		</dict>
		<key>38C0C1EE1A63801100132AF1</key>
		<dict>
			<key>fileEncoding</key>
			<string>4</string>
			<key>isa</key>
			<string>PBXFileReference</string>
			<key>lastKnownFileType</key>
			<string>sourcecode.c.objc</string>
			<key>path</key>
			<string>Confirmation2ViewController.m</string>
			<key>sourceTree</key>
			<string>&lt;group&gt;</string>
		</dict>
		<key>38C0C1EF1A63801100132AF1</key>
		<dict>
			<key>fileRef</key>
			<string>38C0C1EE1A63801100132AF1</string>
			<key>isa</key>
			<string>PBXBuildFile</string>
		</dict>
		<key>38C0C2611A64DDE900132AF1</key>
		<dict>
			<key>isa</key>
			<string>PBXFileReference</string>
			<key>lastKnownFileType</key>
			<string>image.png</string>
			<key>path</key>
			<string>startupquote-app-design.png</string>
			<key>sourceTree</key>
			<string>&lt;group&gt;</string>
		</dict>
		<key>38C0C2621A64DDE900132AF1</key>
		<dict>
			<key>fileRef</key>
			<string>38C0C2611A64DDE900132AF1</string>
			<key>isa</key>
			<string>PBXBuildFile</string>
		</dict>
		<key>38C0C2631A64E58E00132AF1</key>
		<dict>
			<key>isa</key>
			<string>PBXFileReference</string>
			<key>lastKnownFileType</key>
			<string>image.png</string>
			<key>path</key>
			<string>Assets.png</string>
			<key>sourceTree</key>
			<string>&lt;group&gt;</string>
		</dict>
		<key>38C0C2641A64E58E00132AF1</key>
		<dict>
			<key>fileRef</key>
			<string>38C0C2631A64E58E00132AF1</string>
			<key>isa</key>
			<string>PBXBuildFile</string>
		</dict>
		<key>38C0C2651A64E5F100132AF1</key>
		<dict>
			<key>isa</key>
			<string>PBXFileReference</string>
			<key>lastKnownFileType</key>
			<string>image.png</string>
			<key>path</key>
			<string>button-back.png</string>
			<key>sourceTree</key>
			<string>&lt;group&gt;</string>
		</dict>
		<key>38C0C2661A64E5F100132AF1</key>
		<dict>
			<key>isa</key>
			<string>PBXFileReference</string>
			<key>lastKnownFileType</key>
			<string>image.png</string>
			<key>path</key>
			<string>button-back@2x.png</string>
			<key>sourceTree</key>
			<string>&lt;group&gt;</string>
		</dict>
		<key>38C0C2671A64E5F100132AF1</key>
		<dict>
			<key>isa</key>
			<string>PBXFileReference</string>
			<key>lastKnownFileType</key>
			<string>image.png</string>
			<key>path</key>
			<string>button-read-big.png</string>
			<key>sourceTree</key>
			<string>&lt;group&gt;</string>
		</dict>
		<key>38C0C2681A64E5F100132AF1</key>
		<dict>
			<key>isa</key>
			<string>PBXFileReference</string>
			<key>lastKnownFileType</key>
			<string>image.png</string>
			<key>path</key>
			<string>button-read-big@2x.png</string>
			<key>sourceTree</key>
			<string>&lt;group&gt;</string>
		</dict>
		<key>38C0C2691A64E5F100132AF1</key>
		<dict>
			<key>isa</key>
			<string>PBXFileReference</string>
			<key>lastKnownFileType</key>
			<string>image.png</string>
			<key>path</key>
			<string>icon-read-big.png</string>
			<key>sourceTree</key>
			<string>&lt;group&gt;</string>
		</dict>
		<key>38C0C26A1A64E5F100132AF1</key>
		<dict>
			<key>isa</key>
			<string>PBXFileReference</string>
			<key>lastKnownFileType</key>
			<string>image.png</string>
			<key>path</key>
			<string>icon-read-big@2x.png</string>
			<key>sourceTree</key>
			<string>&lt;group&gt;</string>
		</dict>
		<key>38C0C26B1A64E5F100132AF1</key>
		<dict>
			<key>isa</key>
			<string>PBXFileReference</string>
			<key>lastKnownFileType</key>
			<string>image.png</string>
			<key>path</key>
			<string>icon-read.png</string>
			<key>sourceTree</key>
			<string>&lt;group&gt;</string>
		</dict>
		<key>38C0C26C1A64E5F100132AF1</key>
		<dict>
			<key>isa</key>
			<string>PBXFileReference</string>
			<key>lastKnownFileType</key>
			<string>image.png</string>
			<key>path</key>
			<string>icon-read@2x.png</string>
			<key>sourceTree</key>
			<string>&lt;group&gt;</string>
		</dict>
		<key>38C0C26D1A64E5F100132AF1</key>
		<dict>
			<key>isa</key>
			<string>PBXFileReference</string>
			<key>lastKnownFileType</key>
			<string>image.png</string>
			<key>path</key>
			<string>icon-share-big.png</string>
			<key>sourceTree</key>
			<string>&lt;group&gt;</string>
		</dict>
		<key>38C0C26E1A64E5F100132AF1</key>
		<dict>
			<key>isa</key>
			<string>PBXFileReference</string>
			<key>lastKnownFileType</key>
			<string>image.png</string>
			<key>path</key>
			<string>icon-share-big@2x.png</string>
			<key>sourceTree</key>
			<string>&lt;group&gt;</string>
		</dict>
		<key>38C0C26F1A64E5F100132AF1</key>
		<dict>
			<key>isa</key>
			<string>PBXFileReference</string>
			<key>lastKnownFileType</key>
			<string>image.png</string>
			<key>path</key>
			<string>icon-share.png</string>
			<key>sourceTree</key>
			<string>&lt;group&gt;</string>
		</dict>
		<key>38C0C2701A64E5F100132AF1</key>
		<dict>
			<key>isa</key>
			<string>PBXFileReference</string>
			<key>lastKnownFileType</key>
			<string>image.png</string>
			<key>path</key>
			<string>icon-share@2x.png</string>
			<key>sourceTree</key>
			<string>&lt;group&gt;</string>
		</dict>
		<key>38C0C2711A64E5F100132AF1</key>
		<dict>
			<key>isa</key>
			<string>PBXFileReference</string>
			<key>lastKnownFileType</key>
			<string>image.png</string>
			<key>path</key>
			<string>mask.png</string>
			<key>sourceTree</key>
			<string>&lt;group&gt;</string>
		</dict>
		<key>38C0C2721A64E5F100132AF1</key>
		<dict>
			<key>isa</key>
			<string>PBXFileReference</string>
			<key>lastKnownFileType</key>
			<string>image.png</string>
			<key>path</key>
			<string>mask@2x.png</string>
			<key>sourceTree</key>
			<string>&lt;group&gt;</string>
		</dict>
		<key>38C0C2731A64E5F100132AF1</key>
		<dict>
			<key>fileRef</key>
			<string>38C0C2651A64E5F100132AF1</string>
			<key>isa</key>
			<string>PBXBuildFile</string>
		</dict>
		<key>38C0C2741A64E5F100132AF1</key>
		<dict>
			<key>fileRef</key>
			<string>38C0C2661A64E5F100132AF1</string>
			<key>isa</key>
			<string>PBXBuildFile</string>
		</dict>
		<key>38C0C2751A64E5F100132AF1</key>
		<dict>
			<key>fileRef</key>
			<string>38C0C2671A64E5F100132AF1</string>
			<key>isa</key>
			<string>PBXBuildFile</string>
		</dict>
		<key>38C0C2761A64E5F100132AF1</key>
		<dict>
			<key>fileRef</key>
			<string>38C0C2681A64E5F100132AF1</string>
			<key>isa</key>
			<string>PBXBuildFile</string>
		</dict>
		<key>38C0C2771A64E5F100132AF1</key>
		<dict>
			<key>fileRef</key>
			<string>38C0C2691A64E5F100132AF1</string>
			<key>isa</key>
			<string>PBXBuildFile</string>
		</dict>
		<key>38C0C2781A64E5F100132AF1</key>
		<dict>
			<key>fileRef</key>
			<string>38C0C26A1A64E5F100132AF1</string>
			<key>isa</key>
			<string>PBXBuildFile</string>
		</dict>
		<key>38C0C2791A64E5F100132AF1</key>
		<dict>
			<key>fileRef</key>
			<string>38C0C26B1A64E5F100132AF1</string>
			<key>isa</key>
			<string>PBXBuildFile</string>
		</dict>
		<key>38C0C27A1A64E5F100132AF1</key>
		<dict>
			<key>fileRef</key>
			<string>38C0C26C1A64E5F100132AF1</string>
			<key>isa</key>
			<string>PBXBuildFile</string>
		</dict>
		<key>38C0C27B1A64E5F100132AF1</key>
		<dict>
			<key>fileRef</key>
			<string>38C0C26D1A64E5F100132AF1</string>
			<key>isa</key>
			<string>PBXBuildFile</string>
		</dict>
		<key>38C0C27C1A64E5F100132AF1</key>
		<dict>
			<key>fileRef</key>
			<string>38C0C26E1A64E5F100132AF1</string>
			<key>isa</key>
			<string>PBXBuildFile</string>
		</dict>
		<key>38C0C27D1A64E5F100132AF1</key>
		<dict>
			<key>fileRef</key>
			<string>38C0C26F1A64E5F100132AF1</string>
			<key>isa</key>
			<string>PBXBuildFile</string>
		</dict>
		<key>38C0C27E1A64E5F100132AF1</key>
		<dict>
			<key>fileRef</key>
			<string>38C0C2701A64E5F100132AF1</string>
			<key>isa</key>
			<string>PBXBuildFile</string>
		</dict>
		<key>38C0C27F1A64E5F100132AF1</key>
		<dict>
			<key>fileRef</key>
			<string>38C0C2711A64E5F100132AF1</string>
			<key>isa</key>
			<string>PBXBuildFile</string>
		</dict>
		<key>38C0C2801A64E5F100132AF1</key>
		<dict>
			<key>fileRef</key>
			<string>38C0C2721A64E5F100132AF1</string>
			<key>isa</key>
			<string>PBXBuildFile</string>
		</dict>
		<key>38C1D1101A6379670040083A</key>
		<dict>
			<key>fileEncoding</key>
			<string>4</string>
			<key>isa</key>
			<string>PBXFileReference</string>
			<key>lastKnownFileType</key>
			<string>sourcecode.c.h</string>
			<key>path</key>
			<string>JSQFlatButton.h</string>
			<key>sourceTree</key>
			<string>&lt;group&gt;</string>
		</dict>
		<key>38C1D1111A6379670040083A</key>
		<dict>
			<key>fileEncoding</key>
			<string>4</string>
			<key>isa</key>
			<string>PBXFileReference</string>
			<key>lastKnownFileType</key>
			<string>sourcecode.c.objc</string>
			<key>path</key>
			<string>JSQFlatButton.m</string>
			<key>sourceTree</key>
			<string>&lt;group&gt;</string>
		</dict>
		<key>38C1D1121A6379670040083A</key>
		<dict>
			<key>fileRef</key>
			<string>38C1D1111A6379670040083A</string>
			<key>isa</key>
			<string>PBXBuildFile</string>
		</dict>
		<key>38C1D1131A637B9D0040083A</key>
		<dict>
			<key>isa</key>
			<string>PBXFileReference</string>
			<key>lastKnownFileType</key>
			<string>image.png</string>
			<key>path</key>
			<string>airplane68.png</string>
			<key>sourceTree</key>
			<string>&lt;group&gt;</string>
		</dict>
		<key>38C1D1141A637B9D0040083A</key>
		<dict>
			<key>fileRef</key>
			<string>38C1D1131A637B9D0040083A</string>
			<key>isa</key>
			<string>PBXBuildFile</string>
		</dict>
		<key>38C445AE1A4A714F0074A741</key>
		<dict>
			<key>isa</key>
			<string>PBXFileReference</string>
			<key>lastKnownFileType</key>
			<string>image.png</string>
			<key>path</key>
			<string>logo.png</string>
			<key>sourceTree</key>
			<string>&lt;group&gt;</string>
		</dict>
		<key>38C445AF1A4A714F0074A741</key>
		<dict>
			<key>fileRef</key>
			<string>38C445AE1A4A714F0074A741</string>
			<key>isa</key>
			<string>PBXBuildFile</string>
		</dict>
		<key>38C445B21A4A71CE0074A741</key>
		<dict>
			<key>isa</key>
			<string>PBXFileReference</string>
			<key>lastKnownFileType</key>
			<string>image.png</string>
			<key>path</key>
			<string>homescreen.png</string>
			<key>sourceTree</key>
			<string>&lt;group&gt;</string>
		</dict>
		<key>38C445B31A4A71CE0074A741</key>
		<dict>
			<key>fileRef</key>
			<string>38C445B21A4A71CE0074A741</string>
			<key>isa</key>
			<string>PBXBuildFile</string>
		</dict>
		<key>38C445B71A4A794C0074A741</key>
		<dict>
			<key>isa</key>
			<string>PBXFileReference</string>
			<key>lastKnownFileType</key>
			<string>image.png</string>
			<key>path</key>
			<string>air6.png</string>
			<key>sourceTree</key>
			<string>&lt;group&gt;</string>
		</dict>
		<key>38C445B81A4A794C0074A741</key>
		<dict>
			<key>fileRef</key>
			<string>38C445B71A4A794C0074A741</string>
			<key>isa</key>
			<string>PBXBuildFile</string>
		</dict>
		<key>38C445B91A4A7CD30074A741</key>
		<dict>
			<key>isa</key>
			<string>PBXFileReference</string>
			<key>lastKnownFileType</key>
			<string>image.png</string>
			<key>path</key>
			<string>shopping2.png</string>
			<key>sourceTree</key>
			<string>&lt;group&gt;</string>
		</dict>
		<key>38C445BA1A4A7CD30074A741</key>
		<dict>
			<key>fileRef</key>
			<string>38C445B91A4A7CD30074A741</string>
			<key>isa</key>
			<string>PBXBuildFile</string>
		</dict>
		<key>38F34AE51A676C3900548329</key>
		<dict>
			<key>fileEncoding</key>
			<string>4</string>
			<key>isa</key>
			<string>PBXFileReference</string>
			<key>lastKnownFileType</key>
			<string>sourcecode.c.h</string>
			<key>name</key>
			<string>SPGooglePlacesAutocompletePlace.h</string>
			<key>path</key>
			<string>../SPGooglePlacesAutocompletePlace.h</string>
			<key>sourceTree</key>
			<string>&lt;group&gt;</string>
		</dict>
		<key>38F34AE61A676C3900548329</key>
		<dict>
			<key>fileEncoding</key>
			<string>4</string>
			<key>isa</key>
			<string>PBXFileReference</string>
			<key>lastKnownFileType</key>
			<string>sourcecode.c.objc</string>
			<key>name</key>
			<string>SPGooglePlacesAutocompletePlace.m</string>
			<key>path</key>
			<string>../SPGooglePlacesAutocompletePlace.m</string>
			<key>sourceTree</key>
			<string>&lt;group&gt;</string>
		</dict>
		<key>38F34AE71A676C3900548329</key>
		<dict>
			<key>fileEncoding</key>
			<string>4</string>
			<key>isa</key>
			<string>PBXFileReference</string>
			<key>lastKnownFileType</key>
			<string>sourcecode.c.h</string>
			<key>name</key>
			<string>SPGooglePlacesAutocompleteQuery.h</string>
			<key>path</key>
			<string>../SPGooglePlacesAutocompleteQuery.h</string>
			<key>sourceTree</key>
			<string>&lt;group&gt;</string>
		</dict>
		<key>38F34AE81A676C3900548329</key>
		<dict>
			<key>fileEncoding</key>
			<string>4</string>
			<key>isa</key>
			<string>PBXFileReference</string>
			<key>lastKnownFileType</key>
			<string>sourcecode.c.objc</string>
			<key>name</key>
			<string>SPGooglePlacesAutocompleteQuery.m</string>
			<key>path</key>
			<string>../SPGooglePlacesAutocompleteQuery.m</string>
			<key>sourceTree</key>
			<string>&lt;group&gt;</string>
		</dict>
		<key>38F34AE91A676C3900548329</key>
		<dict>
			<key>fileEncoding</key>
			<string>4</string>
			<key>isa</key>
			<string>PBXFileReference</string>
			<key>lastKnownFileType</key>
			<string>sourcecode.c.h</string>
			<key>name</key>
			<string>SPGooglePlacesAutocompleteUtilities.h</string>
			<key>path</key>
			<string>../SPGooglePlacesAutocompleteUtilities.h</string>
			<key>sourceTree</key>
			<string>&lt;group&gt;</string>
		</dict>
		<key>38F34AEA1A676C3900548329</key>
		<dict>
			<key>fileEncoding</key>
			<string>4</string>
			<key>isa</key>
			<string>PBXFileReference</string>
			<key>lastKnownFileType</key>
			<string>sourcecode.c.objc</string>
			<key>name</key>
			<string>SPGooglePlacesAutocompleteUtilities.m</string>
			<key>path</key>
			<string>../SPGooglePlacesAutocompleteUtilities.m</string>
			<key>sourceTree</key>
			<string>&lt;group&gt;</string>
		</dict>
		<key>38F34AEB1A676C3900548329</key>
		<dict>
			<key>fileEncoding</key>
			<string>4</string>
			<key>isa</key>
			<string>PBXFileReference</string>
			<key>lastKnownFileType</key>
			<string>sourcecode.c.h</string>
			<key>name</key>
			<string>SPGooglePlacesPlaceDetailQuery.h</string>
			<key>path</key>
			<string>../SPGooglePlacesPlaceDetailQuery.h</string>
			<key>sourceTree</key>
			<string>&lt;group&gt;</string>
		</dict>
		<key>38F34AEC1A676C3900548329</key>
		<dict>
			<key>fileEncoding</key>
			<string>4</string>
			<key>isa</key>
			<string>PBXFileReference</string>
			<key>lastKnownFileType</key>
			<string>sourcecode.c.objc</string>
			<key>name</key>
			<string>SPGooglePlacesPlaceDetailQuery.m</string>
			<key>path</key>
			<string>../SPGooglePlacesPlaceDetailQuery.m</string>
			<key>sourceTree</key>
			<string>&lt;group&gt;</string>
		</dict>
		<key>38F34AED1A676C3900548329</key>
		<dict>
			<key>fileRef</key>
			<string>38F34AE61A676C3900548329</string>
			<key>isa</key>
			<string>PBXBuildFile</string>
		</dict>
		<key>38F34AEE1A676C3900548329</key>
		<dict>
			<key>fileRef</key>
			<string>38F34AE81A676C3900548329</string>
			<key>isa</key>
			<string>PBXBuildFile</string>
		</dict>
		<key>38F34AEF1A676C3900548329</key>
		<dict>
			<key>fileRef</key>
			<string>38F34AEA1A676C3900548329</string>
			<key>isa</key>
			<string>PBXBuildFile</string>
		</dict>
		<key>38F34AF01A676C3900548329</key>
		<dict>
			<key>fileRef</key>
			<string>38F34AEC1A676C3900548329</string>
			<key>isa</key>
			<string>PBXBuildFile</string>
		</dict>
		<key>38F34AF11A677A6500548329</key>
		<dict>
			<key>fileEncoding</key>
			<string>4</string>
			<key>isa</key>
			<string>PBXFileReference</string>
			<key>lastKnownFileType</key>
			<string>sourcecode.c.h</string>
			<key>name</key>
			<string>SPGooglePlacesAutocompleteViewController.h</string>
			<key>path</key>
			<string>../SPGooglePlacesAutocompleteViewController.h</string>
			<key>sourceTree</key>
			<string>&lt;group&gt;</string>
		</dict>
		<key>38F34AF21A677A6500548329</key>
		<dict>
			<key>fileEncoding</key>
			<string>4</string>
			<key>isa</key>
			<string>PBXFileReference</string>
			<key>lastKnownFileType</key>
			<string>sourcecode.c.objc</string>
			<key>name</key>
			<string>SPGooglePlacesAutocompleteViewController.m</string>
			<key>path</key>
			<string>../SPGooglePlacesAutocompleteViewController.m</string>
			<key>sourceTree</key>
			<string>&lt;group&gt;</string>
		</dict>
		<key>38F34AF31A677A6500548329</key>
		<dict>
			<key>fileEncoding</key>
			<string>4</string>
			<key>isa</key>
			<string>PBXFileReference</string>
			<key>lastKnownFileType</key>
			<string>file.xib</string>
			<key>name</key>
			<string>SPGooglePlacesAutocompleteViewController.xib</string>
			<key>path</key>
			<string>../SPGooglePlacesAutocompleteViewController.xib</string>
			<key>sourceTree</key>
			<string>&lt;group&gt;</string>
		</dict>
		<key>38F34AF41A677A6500548329</key>
		<dict>
			<key>fileRef</key>
			<string>38F34AF21A677A6500548329</string>
			<key>isa</key>
			<string>PBXBuildFile</string>
		</dict>
		<key>38F34AF51A677A6500548329</key>
		<dict>
			<key>fileRef</key>
			<string>38F34AF31A677A6500548329</string>
			<key>isa</key>
			<string>PBXBuildFile</string>
		</dict>
		<key>38F34AF61A678A5200548329</key>
		<dict>
			<key>children</key>
			<array/>
			<key>isa</key>
			<string>PBXGroup</string>
			<key>path</key>
			<string>Order</string>
			<key>sourceTree</key>
			<string>&lt;group&gt;</string>
		</dict>
		<key>38F34AF71A678A5200548329</key>
		<dict>
			<key>children</key>
			<array>
				<string>381B15DB1A69B4F300BD678C</string>
				<string>381B15DC1A69B4F300BD678C</string>
				<string>381B15DD1A69B4F300BD678C</string>
				<string>3854FEEF1A2B6B900062A818</string>
				<string>3854FEF01A2B6B900062A818</string>
			</array>
			<key>isa</key>
			<string>PBXGroup</string>
			<key>path</key>
			<string>Home</string>
			<key>sourceTree</key>
			<string>&lt;group&gt;</string>
		</dict>
		<key>38F34AF81A678A5200548329</key>
		<dict>
			<key>children</key>
			<array>
				<string>383F04D01A5B0E1000DC8267</string>
				<string>383F04D11A5B0E1000DC8267</string>
				<string>383F04D21A5B0E1000DC8267</string>
				<string>383F04C61A52010600DC8267</string>
				<string>383F04C71A52010600DC8267</string>
				<string>383F04C81A52010600DC8267</string>
			</array>
			<key>isa</key>
			<string>PBXGroup</string>
			<key>path</key>
			<string>Profile</string>
			<key>sourceTree</key>
			<string>&lt;group&gt;</string>
		</dict>
		<key>38F34AF91A678A5200548329</key>
		<dict>
			<key>children</key>
			<array>
				<string>380207091A280C300087CF76</string>
				<string>3802070A1A280C300087CF76</string>
				<string>38274F101A435745007F2474</string>
				<string>38274F111A435745007F2474</string>
				<string>38274F121A435745007F2474</string>
				<string>3802070B1A280C300087CF76</string>
				<string>38F34AF11A677A6500548329</string>
				<string>38F34AF21A677A6500548329</string>
				<string>38F34AF31A677A6500548329</string>
				<string>38F34AE51A676C3900548329</string>
				<string>38F34AE61A676C3900548329</string>
				<string>38F34AE71A676C3900548329</string>
				<string>38F34AE81A676C3900548329</string>
				<string>38F34AE91A676C3900548329</string>
				<string>38F34AEA1A676C3900548329</string>
				<string>38F34AEB1A676C3900548329</string>
				<string>38F34AEC1A676C3900548329</string>
			</array>
			<key>isa</key>
			<string>PBXGroup</string>
			<key>path</key>
			<string>Trip</string>
			<key>sourceTree</key>
			<string>&lt;group&gt;</string>
		</dict>
		<key>6D01376EA8AF89C4E396A9CD</key>
		<dict>
			<key>explicitFileType</key>
			<string>archive.ar</string>
			<key>includeInIndex</key>
			<string>0</string>
			<key>isa</key>
			<string>PBXFileReference</string>
			<key>path</key>
			<string>libPods.a</string>
			<key>sourceTree</key>
			<string>BUILT_PRODUCTS_DIR</string>
		</dict>
		<key>73F39235569191FF6EC24238</key>
		<dict>
			<key>children</key>
			<array>
				<string>74731800FD0DF86888E4B48F</string>
				<string>0297E423BED330F0C20E2788</string>
			</array>
			<key>isa</key>
			<string>PBXGroup</string>
			<key>name</key>
			<string>Pods</string>
			<key>sourceTree</key>
			<string>&lt;group&gt;</string>
		</dict>
		<key>741203C415900A3C00820BE9</key>
		<dict>
			<key>children</key>
			<array>
				<string>386341DB1A64EB1B00FA1335</string>
				<string>386341DC1A64EB1B00FA1335</string>
				<string>38C0C2651A64E5F100132AF1</string>
				<string>38C0C2661A64E5F100132AF1</string>
				<string>38C0C2671A64E5F100132AF1</string>
				<string>38C0C2681A64E5F100132AF1</string>
				<string>38C0C2691A64E5F100132AF1</string>
				<string>38C0C26A1A64E5F100132AF1</string>
				<string>38C0C26B1A64E5F100132AF1</string>
				<string>38C0C26C1A64E5F100132AF1</string>
				<string>38C0C26D1A64E5F100132AF1</string>
				<string>38C0C26E1A64E5F100132AF1</string>
				<string>38C0C26F1A64E5F100132AF1</string>
				<string>38C0C2701A64E5F100132AF1</string>
				<string>38C0C2711A64E5F100132AF1</string>
				<string>38C0C2721A64E5F100132AF1</string>
				<string>386341D71A64EA0C00FA1335</string>
				<string>386341D81A64EA0C00FA1335</string>
				<string>38C0C2631A64E58E00132AF1</string>
				<string>38C0C2611A64DDE900132AF1</string>
				<string>38851ABF1A4BC78500F201DD</string>
				<string>389D597D1A4B912600E26258</string>
				<string>38B19AE11A61FEF000CFDB86</string>
				<string>389D597B1A4B90D400E26258</string>
				<string>389D59791A4B76D300E26258</string>
				<string>389D59741A4B522000E26258</string>
				<string>38C445B91A4A7CD30074A741</string>
				<string>38C445B71A4A794C0074A741</string>
				<string>38C445B21A4A71CE0074A741</string>
				<string>38C445AE1A4A714F0074A741</string>
				<string>C4FD613517286AC800F61563</string>
				<string>C4FD613717286ACD00F61563</string>
				<string>C4BBB7C016FD2D73003CA3F7</string>
				<string>C4BBB7BF16FD2D73003CA3F7</string>
				<string>C4BBB7C116FD2D73003CA3F7</string>
				<string>747F006A15951A58000F601E</string>
				<string>747F006B15951A58000F601E</string>
				<string>747F006C15951A58000F601E</string>
				<string>747F006D15951A58000F601E</string>
				<string>747F006E15951A58000F601E</string>
				<string>747F007015951A58000F601E</string>
				<string>747F007115951A58000F601E</string>
				<string>747F007215951A58000F601E</string>
				<string>747F007315951A58000F601E</string>
				<string>747F007415951A58000F601E</string>
				<string>747F007515951A58000F601E</string>
			</array>
			<key>isa</key>
			<string>PBXGroup</string>
			<key>name</key>
			<string>Assets</string>
			<key>path</key>
			<string>LogInAndSignUpDemo</string>
			<key>sourceTree</key>
			<string>&lt;group&gt;</string>
		</dict>
		<key>74366E97158AAE0F00A17D8A</key>
		<dict>
			<key>children</key>
			<array>
				<string>74366EAC158AAE1000A17D8A</string>
				<string>741203C415900A3C00820BE9</string>
				<string>74366EAD158AAE1000A17D8A</string>
				<string>74366EA5158AAE0F00A17D8A</string>
				<string>74366EA3158AAE0F00A17D8A</string>
				<string>73F39235569191FF6EC24238</string>
			</array>
			<key>isa</key>
			<string>PBXGroup</string>
			<key>sourceTree</key>
			<string>&lt;group&gt;</string>
		</dict>
		<key>74366E99158AAE0F00A17D8A</key>
		<dict>
			<key>attributes</key>
			<dict>
				<key>LastUpgradeCheck</key>
				<string>0430</string>
				<key>TargetAttributes</key>
				<dict>
					<key>74366EA1158AAE0F00A17D8A</key>
					<dict>
						<key>DevelopmentTeam</key>
						<string>94HBD439E3</string>
					</dict>
				</dict>
			</dict>
			<key>buildConfigurationList</key>
			<string>74366E9C158AAE0F00A17D8A</string>
			<key>compatibilityVersion</key>
			<string>Xcode 3.2</string>
			<key>developmentRegion</key>
			<string>English</string>
			<key>hasScannedForEncodings</key>
			<string>0</string>
			<key>isa</key>
			<string>PBXProject</string>
			<key>knownRegions</key>
			<array>
				<string>en</string>
			</array>
			<key>mainGroup</key>
			<string>74366E97158AAE0F00A17D8A</string>
			<key>productRefGroup</key>
			<string>74366EA3158AAE0F00A17D8A</string>
			<key>projectDirPath</key>
			<string></string>
			<key>projectReferences</key>
			<array/>
			<key>projectRoot</key>
			<string></string>
			<key>targets</key>
			<array>
				<string>74366EA1158AAE0F00A17D8A</string>
			</array>
		</dict>
		<key>74366E9C158AAE0F00A17D8A</key>
		<dict>
			<key>buildConfigurations</key>
			<array>
				<string>74366EB8158AAE1000A17D8A</string>
				<string>74366EB9158AAE1000A17D8A</string>
			</array>
			<key>defaultConfigurationIsVisible</key>
			<string>0</string>
			<key>defaultConfigurationName</key>
			<string>Release</string>
			<key>isa</key>
			<string>XCConfigurationList</string>
		</dict>
		<key>74366E9E158AAE0F00A17D8A</key>
		<dict>
			<key>buildActionMask</key>
			<string>2147483647</string>
			<key>files</key>
			<array>
				<string>389CCB3B1A43FECA00378D36</string>
				<string>3802070C1A280C300087CF76</string>
				<string>74366EB3158AAE1000A17D8A</string>
				<string>38B19ADC1A61A54D00CFDB86</string>
				<string>3854FEF21A2B6B900062A818</string>
				<string>74366EB7158AAE1000A17D8A</string>
				<string>38BF5FBC1A2B37C0000ABA60</string>
				<string>38274F131A435745007F2474</string>
				<string>74366EDF158AB49300A17D8A</string>
				<string>38C1D1121A6379670040083A</string>
				<string>74366EE7158AC82C00A17D8A</string>
				<string>381B15DF1A69B4F300BD678C</string>
				<string>38F34AEF1A676C3900548329</string>
				<string>38F34AED1A676C3900548329</string>
				<string>74366EF4158AF2D300A17D8A</string>
				<string>389D59781A4B53EA00E26258</string>
				<string>383F04C91A52010600DC8267</string>
				<string>38F34AF01A676C3900548329</string>
				<string>389CCB441A4A645F00378D36</string>
				<string>74366EFA158B95C800A17D8A</string>
				<string>74366F03158B973C00A17D8A</string>
				<string>38F34AF41A677A6500548329</string>
				<string>3854FEF71A2BAA7B0062A818</string>
				<string>38F34AEE1A676C3900548329</string>
				<string>74366F06158B975500A17D8A</string>
				<string>38C0C1EF1A63801100132AF1</string>
				<string>383F04D31A5B0E1000DC8267</string>
			</array>
			<key>isa</key>
			<string>PBXSourcesBuildPhase</string>
			<key>runOnlyForDeploymentPostprocessing</key>
			<string>0</string>
		</dict>
		<key>74366E9F158AAE0F00A17D8A</key>
		<dict>
			<key>buildActionMask</key>
			<string>2147483647</string>
			<key>files</key>
			<array>
				<string>C4BBB7BE16FD2B7D003CA3F7</string>
				<string>C4BBB7BA16FD2B0F003CA3F7</string>
				<string>C4BBB7BB16FD2B0F003CA3F7</string>
				<string>C4BBB7BC16FD2B0F003CA3F7</string>
				<string>C4BBB7B516FD2ABC003CA3F7</string>
				<string>143C2CDF182058B900DFCD05</string>
				<string>C4BBB7B616FD2ABC003CA3F7</string>
				<string>74366ECA158AB00E00A17D8A</string>
				<string>74366EC3158AAF7E00A17D8A</string>
				<string>74366EC4158AAF7E00A17D8A</string>
				<string>74366EC5158AAF7E00A17D8A</string>
				<string>143C2CDD18203DBB00DFCD05</string>
				<string>74366EC6158AAF7E00A17D8A</string>
				<string>74366EC7158AAF7E00A17D8A</string>
				<string>74366EC8158AAF7E00A17D8A</string>
				<string>74366EA7158AAE0F00A17D8A</string>
				<string>74366EA9158AAE0F00A17D8A</string>
				<string>74366EAB158AAE1000A17D8A</string>
				<string>7C5B0A058B61701C47A59B46</string>
			</array>
			<key>isa</key>
			<string>PBXFrameworksBuildPhase</string>
			<key>runOnlyForDeploymentPostprocessing</key>
			<string>0</string>
		</dict>
		<key>74366EA0158AAE0F00A17D8A</key>
		<dict>
			<key>buildActionMask</key>
			<string>2147483647</string>
			<key>files</key>
			<array>
				<string>74366EB1158AAE1000A17D8A</string>
				<string>38C0C27B1A64E5F100132AF1</string>
				<string>386341D91A64EA0C00FA1335</string>
				<string>38C0C2781A64E5F100132AF1</string>
				<string>74366EE8158AC82C00A17D8A</string>
				<string>74366EF5158AF2D300A17D8A</string>
				<string>389CCB3C1A43FECA00378D36</string>
				<string>3802070D1A280C300087CF76</string>
				<string>38C0C27F1A64E5F100132AF1</string>
				<string>747F007615951A58000F601E</string>
				<string>38C445BA1A4A7CD30074A741</string>
				<string>747F007715951A58000F601E</string>
				<string>747F007815951A58000F601E</string>
				<string>383F04D41A5B0E1000DC8267</string>
				<string>38B19AE21A61FEF000CFDB86</string>
				<string>747F007915951A58000F601E</string>
				<string>38C0C2731A64E5F100132AF1</string>
				<string>38274F141A435745007F2474</string>
				<string>38C0C27D1A64E5F100132AF1</string>
				<string>3854FEF81A2BAA7B0062A818</string>
				<string>383F04CA1A52010600DC8267</string>
				<string>38C0C2761A64E5F100132AF1</string>
				<string>38C445B81A4A794C0074A741</string>
				<string>389D59751A4B522000E26258</string>
				<string>38C0C2741A64E5F100132AF1</string>
				<string>38C0C2771A64E5F100132AF1</string>
				<string>747F007A15951A58000F601E</string>
				<string>38BF5FBD1A2B37C0000ABA60</string>
				<string>38C1D1141A637B9D0040083A</string>
				<string>386341DA1A64EA0C00FA1335</string>
				<string>386341DE1A64EB1B00FA1335</string>
				<string>747F007C15951A58000F601E</string>
				<string>38C0C2751A64E5F100132AF1</string>
				<string>38C445AF1A4A714F0074A741</string>
				<string>747F007D15951A58000F601E</string>
				<string>38B19ADD1A61A54D00CFDB86</string>
				<string>747F007E15951A58000F601E</string>
				<string>38C0C27A1A64E5F100132AF1</string>
				<string>386341DD1A64EB1B00FA1335</string>
				<string>38C445B31A4A71CE0074A741</string>
				<string>747F007F15951A58000F601E</string>
				<string>381B15DE1A69B4F300BD678C</string>
				<string>747F008015951A58000F601E</string>
				<string>389D597E1A4B912600E26258</string>
				<string>38C0C27E1A64E5F100132AF1</string>
				<string>747F008115951A58000F601E</string>
				<string>389D597A1A4B76D300E26258</string>
				<string>C4BBB7C216FD2D73003CA3F7</string>
				<string>38C0C27C1A64E5F100132AF1</string>
				<string>38F34AF51A677A6500548329</string>
				<string>38851AC01A4BC78500F201DD</string>
				<string>38C0C2641A64E58E00132AF1</string>
				<string>38B19AD61A61A16200CFDB86</string>
				<string>38C0C2621A64DDE900132AF1</string>
				<string>C4BBB7C316FD2D73003CA3F7</string>
				<string>38C0C2801A64E5F100132AF1</string>
				<string>389D597C1A4B90D400E26258</string>
				<string>C4BBB7C416FD2D73003CA3F7</string>
				<string>C4FD613617286AC800F61563</string>
				<string>38C0C2791A64E5F100132AF1</string>
				<string>C4FD613817286ACD00F61563</string>
			</array>
			<key>isa</key>
			<string>PBXResourcesBuildPhase</string>
			<key>runOnlyForDeploymentPostprocessing</key>
			<string>0</string>
		</dict>
		<key>74366EA1158AAE0F00A17D8A</key>
		<dict>
			<key>buildConfigurationList</key>
			<string>74366EBA158AAE1000A17D8A</string>
			<key>buildPhases</key>
			<array>
				<string>9B23659335DA21691107A01C</string>
				<string>74366E9E158AAE0F00A17D8A</string>
				<string>74366E9F158AAE0F00A17D8A</string>
				<string>74366EA0158AAE0F00A17D8A</string>
				<string>26BDF1B9A62CA224B83A16B4</string>
			</array>
			<key>buildRules</key>
			<array/>
			<key>dependencies</key>
			<array/>
			<key>isa</key>
			<string>PBXNativeTarget</string>
			<key>name</key>
			<string>Airspress</string>
			<key>productName</key>
			<string>LogInAndSignUpDemo</string>
			<key>productReference</key>
			<string>74366EA2158AAE0F00A17D8A</string>
			<key>productType</key>
			<string>com.apple.product-type.application</string>
		</dict>
		<key>74366EA2158AAE0F00A17D8A</key>
		<dict>
			<key>explicitFileType</key>
			<string>wrapper.application</string>
			<key>includeInIndex</key>
			<string>0</string>
			<key>isa</key>
			<string>PBXFileReference</string>
			<key>path</key>
			<string>Airspress.app</string>
			<key>sourceTree</key>
			<string>BUILT_PRODUCTS_DIR</string>
		</dict>
		<key>74366EA3158AAE0F00A17D8A</key>
		<dict>
			<key>children</key>
			<array>
				<string>74366EA2158AAE0F00A17D8A</string>
			</array>
			<key>isa</key>
			<string>PBXGroup</string>
			<key>name</key>
			<string>Products</string>
			<key>sourceTree</key>
			<string>&lt;group&gt;</string>
		</dict>
		<key>74366EA5158AAE0F00A17D8A</key>
		<dict>
			<key>children</key>
			<array>
				<string>143C2CDE182058B900DFCD05</string>
				<string>143C2CDC18203DBB00DFCD05</string>
				<string>C4BBB7BD16FD2B7D003CA3F7</string>
				<string>C4BBB7B716FD2B0F003CA3F7</string>
				<string>C4BBB7B816FD2B0F003CA3F7</string>
				<string>C4BBB7B916FD2B0F003CA3F7</string>
				<string>C4BBB7B316FD2ABC003CA3F7</string>
				<string>C4BBB7B416FD2ABC003CA3F7</string>
				<string>74366EBD158AAF7E00A17D8A</string>
				<string>74366EBE158AAF7E00A17D8A</string>
				<string>74366EAA158AAE0F00A17D8A</string>
				<string>74366EA8158AAE0F00A17D8A</string>
				<string>74366EBF158AAF7E00A17D8A</string>
				<string>74366EC0158AAF7E00A17D8A</string>
				<string>74366EC1158AAF7E00A17D8A</string>
				<string>74366EC2158AAF7E00A17D8A</string>
				<string>74366EA6158AAE0F00A17D8A</string>
				<string>74366EC9158AB00E00A17D8A</string>
				<string>6D01376EA8AF89C4E396A9CD</string>
			</array>
			<key>isa</key>
			<string>PBXGroup</string>
			<key>name</key>
			<string>Frameworks</string>
			<key>sourceTree</key>
			<string>&lt;group&gt;</string>
		</dict>
		<key>74366EA6158AAE0F00A17D8A</key>
		<dict>
			<key>isa</key>
			<string>PBXFileReference</string>
			<key>lastKnownFileType</key>
			<string>wrapper.framework</string>
			<key>name</key>
			<string>UIKit.framework</string>
			<key>path</key>
			<string>System/Library/Frameworks/UIKit.framework</string>
			<key>sourceTree</key>
			<string>SDKROOT</string>
		</dict>
		<key>74366EA7158AAE0F00A17D8A</key>
		<dict>
			<key>fileRef</key>
			<string>74366EA6158AAE0F00A17D8A</string>
			<key>isa</key>
			<string>PBXBuildFile</string>
		</dict>
		<key>74366EA8158AAE0F00A17D8A</key>
		<dict>
			<key>isa</key>
			<string>PBXFileReference</string>
			<key>lastKnownFileType</key>
			<string>wrapper.framework</string>
			<key>name</key>
			<string>Foundation.framework</string>
			<key>path</key>
			<string>System/Library/Frameworks/Foundation.framework</string>
			<key>sourceTree</key>
			<string>SDKROOT</string>
		</dict>
		<key>74366EA9158AAE0F00A17D8A</key>
		<dict>
			<key>fileRef</key>
			<string>74366EA8158AAE0F00A17D8A</string>
			<key>isa</key>
			<string>PBXBuildFile</string>
		</dict>
		<key>74366EAA158AAE0F00A17D8A</key>
		<dict>
			<key>isa</key>
			<string>PBXFileReference</string>
			<key>lastKnownFileType</key>
			<string>wrapper.framework</string>
			<key>name</key>
			<string>CoreGraphics.framework</string>
			<key>path</key>
			<string>System/Library/Frameworks/CoreGraphics.framework</string>
			<key>sourceTree</key>
			<string>SDKROOT</string>
		</dict>
		<key>74366EAB158AAE1000A17D8A</key>
		<dict>
			<key>fileRef</key>
			<string>74366EAA158AAE0F00A17D8A</string>
			<key>isa</key>
			<string>PBXBuildFile</string>
		</dict>
		<key>74366EAC158AAE1000A17D8A</key>
		<dict>
			<key>children</key>
			<array>
				<string>38F34AF61A678A5200548329</string>
				<string>38F34AF71A678A5200548329</string>
				<string>38F34AF81A678A5200548329</string>
				<string>38F34AF91A678A5200548329</string>
				<string>38C0C1ED1A63801000132AF1</string>
				<string>38C0C1EE1A63801100132AF1</string>
				<string>38C1D1131A637B9D0040083A</string>
				<string>38C1D1101A6379670040083A</string>
				<string>38C1D1111A6379670040083A</string>
				<string>389D59761A4B53EA00E26258</string>
				<string>389D59771A4B53EA00E26258</string>
				<string>389CCB381A43FECA00378D36</string>
				<string>389CCB391A43FECA00378D36</string>
				<string>389CCB3A1A43FECA00378D36</string>
				<string>74366EB5158AAE1000A17D8A</string>
				<string>74366EB6158AAE1000A17D8A</string>
				<string>3854FEF41A2BAA7B0062A818</string>
				<string>3854FEF51A2BAA7B0062A818</string>
				<string>3854FEF61A2BAA7B0062A818</string>
				<string>38BF5FB91A2B37C0000ABA60</string>
				<string>38BF5FBA1A2B37C0000ABA60</string>
				<string>38BF5FBB1A2B37C0000ABA60</string>
				<string>38B19AD91A61A54D00CFDB86</string>
				<string>38B19ADA1A61A54D00CFDB86</string>
				<string>38B19ADB1A61A54D00CFDB86</string>
				<string>38B19AD51A61A16200CFDB86</string>
				<string>74366EDD158AB49300A17D8A</string>
				<string>74366EDE158AB49300A17D8A</string>
				<string>74366EEF158AF29000A17D8A</string>
				<string>74366EF0158AF29A00A17D8A</string>
				<string>74366EF6158B959200A17D8A</string>
				<string>389CCB421A4A645F00378D36</string>
				<string>389CCB431A4A645F00378D36</string>
			</array>
			<key>isa</key>
			<string>PBXGroup</string>
			<key>name</key>
			<string>Airspress</string>
			<key>path</key>
			<string>LogInAndSignUpDemo</string>
			<key>sourceTree</key>
			<string>&lt;group&gt;</string>
		</dict>
		<key>74366EAD158AAE1000A17D8A</key>
		<dict>
			<key>children</key>
			<array>
				<string>74366EAE158AAE1000A17D8A</string>
				<string>74366EAF158AAE1000A17D8A</string>
				<string>74366EB2158AAE1000A17D8A</string>
				<string>74366EB4158AAE1000A17D8A</string>
			</array>
			<key>isa</key>
			<string>PBXGroup</string>
			<key>name</key>
			<string>Supporting Files</string>
			<key>path</key>
			<string>LogInAndSignUpDemo</string>
			<key>sourceTree</key>
			<string>&lt;group&gt;</string>
		</dict>
		<key>74366EAE158AAE1000A17D8A</key>
		<dict>
			<key>isa</key>
			<string>PBXFileReference</string>
			<key>lastKnownFileType</key>
			<string>text.plist.xml</string>
			<key>path</key>
			<string>Airspress-Info.plist</string>
			<key>sourceTree</key>
			<string>&lt;group&gt;</string>
		</dict>
		<key>74366EAF158AAE1000A17D8A</key>
		<dict>
			<key>children</key>
			<array>
				<string>74366EB0158AAE1000A17D8A</string>
			</array>
			<key>isa</key>
			<string>PBXVariantGroup</string>
			<key>name</key>
			<string>InfoPlist.strings</string>
			<key>sourceTree</key>
			<string>&lt;group&gt;</string>
		</dict>
		<key>74366EB0158AAE1000A17D8A</key>
		<dict>
			<key>isa</key>
			<string>PBXFileReference</string>
			<key>lastKnownFileType</key>
			<string>text.plist.strings</string>
			<key>name</key>
			<string>en</string>
			<key>path</key>
			<string>en.lproj/InfoPlist.strings</string>
			<key>sourceTree</key>
			<string>&lt;group&gt;</string>
		</dict>
		<key>74366EB1158AAE1000A17D8A</key>
		<dict>
			<key>fileRef</key>
			<string>74366EAF158AAE1000A17D8A</string>
			<key>isa</key>
			<string>PBXBuildFile</string>
		</dict>
		<key>74366EB2158AAE1000A17D8A</key>
		<dict>
			<key>isa</key>
			<string>PBXFileReference</string>
			<key>lastKnownFileType</key>
			<string>sourcecode.c.objc</string>
			<key>path</key>
			<string>main.m</string>
			<key>sourceTree</key>
			<string>&lt;group&gt;</string>
		</dict>
		<key>74366EB3158AAE1000A17D8A</key>
		<dict>
			<key>fileRef</key>
			<string>74366EB2158AAE1000A17D8A</string>
			<key>isa</key>
			<string>PBXBuildFile</string>
		</dict>
		<key>74366EB4158AAE1000A17D8A</key>
		<dict>
			<key>isa</key>
			<string>PBXFileReference</string>
			<key>lastKnownFileType</key>
			<string>sourcecode.c.h</string>
			<key>path</key>
			<string>Airspress-Prefix.pch</string>
			<key>sourceTree</key>
			<string>&lt;group&gt;</string>
		</dict>
		<key>74366EB5158AAE1000A17D8A</key>
		<dict>
			<key>isa</key>
			<string>PBXFileReference</string>
			<key>lastKnownFileType</key>
			<string>sourcecode.c.h</string>
			<key>path</key>
			<string>AppDelegate.h</string>
			<key>sourceTree</key>
			<string>&lt;group&gt;</string>
		</dict>
		<key>74366EB6158AAE1000A17D8A</key>
		<dict>
			<key>isa</key>
			<string>PBXFileReference</string>
			<key>lastKnownFileType</key>
			<string>sourcecode.c.objc</string>
			<key>path</key>
			<string>AppDelegate.m</string>
			<key>sourceTree</key>
			<string>&lt;group&gt;</string>
		</dict>
		<key>74366EB7158AAE1000A17D8A</key>
		<dict>
			<key>fileRef</key>
			<string>74366EB6158AAE1000A17D8A</string>
			<key>isa</key>
			<string>PBXBuildFile</string>
		</dict>
		<key>74366EB8158AAE1000A17D8A</key>
		<dict>
			<key>buildSettings</key>
			<dict>
				<key>ALWAYS_SEARCH_USER_PATHS</key>
				<string>NO</string>
				<key>ARCHS</key>
				<string>$(ARCHS_STANDARD_32_BIT)</string>
				<key>CLANG_ENABLE_OBJC_ARC</key>
				<string>YES</string>
				<key>CODE_SIGN_IDENTITY[sdk=iphoneos*]</key>
				<string>iPhone Developer</string>
				<key>COPY_PHASE_STRIP</key>
				<string>NO</string>
				<key>GCC_C_LANGUAGE_STANDARD</key>
				<string>gnu99</string>
				<key>GCC_DYNAMIC_NO_PIC</key>
				<string>NO</string>
				<key>GCC_OPTIMIZATION_LEVEL</key>
				<string>0</string>
				<key>GCC_PREPROCESSOR_DEFINITIONS</key>
				<array>
					<string>DEBUG=1</string>
					<string>$(inherited)</string>
				</array>
				<key>GCC_SYMBOLS_PRIVATE_EXTERN</key>
				<string>NO</string>
				<key>GCC_VERSION</key>
				<string>com.apple.compilers.llvm.clang.1_0</string>
				<key>GCC_WARN_ABOUT_RETURN_TYPE</key>
				<string>YES</string>
				<key>GCC_WARN_UNINITIALIZED_AUTOS</key>
				<string>YES</string>
				<key>GCC_WARN_UNUSED_VARIABLE</key>
				<string>YES</string>
				<key>IPHONEOS_DEPLOYMENT_TARGET</key>
				<string>5.0</string>
				<key>SDKROOT</key>
				<string>iphoneos</string>
			</dict>
			<key>isa</key>
			<string>XCBuildConfiguration</string>
			<key>name</key>
			<string>Debug</string>
		</dict>
		<key>74366EB9158AAE1000A17D8A</key>
		<dict>
			<key>buildSettings</key>
			<dict>
				<key>ALWAYS_SEARCH_USER_PATHS</key>
				<string>NO</string>
				<key>ARCHS</key>
				<string>$(ARCHS_STANDARD_32_BIT)</string>
				<key>CLANG_ENABLE_OBJC_ARC</key>
				<string>YES</string>
				<key>CODE_SIGN_IDENTITY[sdk=iphoneos*]</key>
				<string>iPhone Developer</string>
				<key>COPY_PHASE_STRIP</key>
				<string>YES</string>
				<key>GCC_C_LANGUAGE_STANDARD</key>
				<string>gnu99</string>
				<key>GCC_VERSION</key>
				<string>com.apple.compilers.llvm.clang.1_0</string>
				<key>GCC_WARN_ABOUT_RETURN_TYPE</key>
				<string>YES</string>
				<key>GCC_WARN_UNINITIALIZED_AUTOS</key>
				<string>YES</string>
				<key>GCC_WARN_UNUSED_VARIABLE</key>
				<string>YES</string>
				<key>IPHONEOS_DEPLOYMENT_TARGET</key>
				<string>5.0</string>
				<key>OTHER_CFLAGS</key>
				<string>-DNS_BLOCK_ASSERTIONS=1</string>
				<key>SDKROOT</key>
				<string>iphoneos</string>
				<key>VALIDATE_PRODUCT</key>
				<string>YES</string>
			</dict>
			<key>isa</key>
			<string>XCBuildConfiguration</string>
			<key>name</key>
			<string>Release</string>
		</dict>
		<key>74366EBA158AAE1000A17D8A</key>
		<dict>
			<key>buildConfigurations</key>
			<array>
				<string>74366EBB158AAE1000A17D8A</string>
				<string>74366EBC158AAE1000A17D8A</string>
			</array>
			<key>defaultConfigurationIsVisible</key>
			<string>0</string>
			<key>defaultConfigurationName</key>
			<string>Release</string>
			<key>isa</key>
			<string>XCConfigurationList</string>
		</dict>
		<key>74366EBB158AAE1000A17D8A</key>
		<dict>
			<key>baseConfigurationReference</key>
			<string>74731800FD0DF86888E4B48F</string>
			<key>buildSettings</key>
			<dict>
				<key>CODE_SIGN_IDENTITY</key>
				<string>iPhone Developer</string>
				<key>FRAMEWORK_SEARCH_PATHS</key>
				<array>
					<string>$(inherited)</string>
					<string>$(SRCROOT)</string>
					<string>/Users/fjm/git/SampleAppsPrivate/LoginAndSignUpTutorial</string>
				</array>
				<key>GCC_PRECOMPILE_PREFIX_HEADER</key>
				<string>YES</string>
				<key>GCC_PREFIX_HEADER</key>
				<string>LogInAndSignUpDemo/Airspress-Prefix.pch</string>
				<key>INFOPLIST_FILE</key>
				<string>LogInAndSignUpDemo/Airspress-Info.plist</string>
				<key>IPHONEOS_DEPLOYMENT_TARGET</key>
				<string>7.0</string>
				<key>OTHER_LDFLAGS</key>
				<array>
					<string>-ObjC</string>
					<string>-lsqlite3.0</string>
				</array>
				<key>PRODUCT_NAME</key>
				<string>Airspress</string>
				<key>PROVISIONING_PROFILE</key>
				<string>473b5690-975f-4efe-9a33-1e581983401d</string>
				<key>WRAPPER_EXTENSION</key>
				<string>app</string>
			</dict>
			<key>isa</key>
			<string>XCBuildConfiguration</string>
			<key>name</key>
			<string>Debug</string>
		</dict>
		<key>74366EBC158AAE1000A17D8A</key>
		<dict>
			<key>baseConfigurationReference</key>
			<string>0297E423BED330F0C20E2788</string>
			<key>buildSettings</key>
			<dict>
				<key>CODE_SIGN_IDENTITY</key>
				<string>iPhone Developer</string>
				<key>CODE_SIGN_IDENTITY[sdk=iphoneos*]</key>
				<string>iPhone Developer: Mohamed Kane (PKJ8VAR74K)</string>
				<key>FRAMEWORK_SEARCH_PATHS</key>
				<array>
					<string>$(inherited)</string>
					<string>$(SRCROOT)</string>
					<string>/Users/fjm/git/SampleAppsPrivate/LoginAndSignUpTutorial</string>
				</array>
				<key>GCC_PRECOMPILE_PREFIX_HEADER</key>
				<string>YES</string>
				<key>GCC_PREFIX_HEADER</key>
				<string>LogInAndSignUpDemo/Airspress-Prefix.pch</string>
				<key>INFOPLIST_FILE</key>
				<string>LogInAndSignUpDemo/Airspress-Info.plist</string>
				<key>IPHONEOS_DEPLOYMENT_TARGET</key>
				<string>7.0</string>
				<key>OTHER_LDFLAGS</key>
				<array>
					<string>-ObjC</string>
					<string>-lsqlite3.0</string>
				</array>
				<key>PRODUCT_NAME</key>
				<string>Airspress</string>
				<key>PROVISIONING_PROFILE</key>
				<string>473b5690-975f-4efe-9a33-1e581983401d</string>
				<key>WRAPPER_EXTENSION</key>
				<string>app</string>
			</dict>
			<key>isa</key>
			<string>XCBuildConfiguration</string>
			<key>name</key>
			<string>Release</string>
		</dict>
		<key>74366EBD158AAF7E00A17D8A</key>
		<dict>
			<key>isa</key>
			<string>PBXFileReference</string>
			<key>lastKnownFileType</key>
			<string>wrapper.framework</string>
			<key>name</key>
			<string>AudioToolbox.framework</string>
			<key>path</key>
			<string>System/Library/Frameworks/AudioToolbox.framework</string>
			<key>sourceTree</key>
			<string>SDKROOT</string>
		</dict>
		<key>74366EBE158AAF7E00A17D8A</key>
		<dict>
			<key>isa</key>
			<string>PBXFileReference</string>
			<key>lastKnownFileType</key>
			<string>wrapper.framework</string>
			<key>name</key>
			<string>CFNetwork.framework</string>
			<key>path</key>
			<string>System/Library/Frameworks/CFNetwork.framework</string>
			<key>sourceTree</key>
			<string>SDKROOT</string>
		</dict>
		<key>74366EBF158AAF7E00A17D8A</key>
		<dict>
			<key>isa</key>
			<string>PBXFileReference</string>
			<key>lastKnownFileType</key>
			<string>compiled.mach-o.dylib</string>
			<key>name</key>
			<string>libz.1.1.3.dylib</string>
			<key>path</key>
			<string>usr/lib/libz.1.1.3.dylib</string>
			<key>sourceTree</key>
			<string>SDKROOT</string>
		</dict>
		<key>74366EC0158AAF7E00A17D8A</key>
		<dict>
			<key>isa</key>
			<string>PBXFileReference</string>
			<key>lastKnownFileType</key>
			<string>wrapper.framework</string>
			<key>name</key>
			<string>MobileCoreServices.framework</string>
			<key>path</key>
			<string>System/Library/Frameworks/MobileCoreServices.framework</string>
			<key>sourceTree</key>
			<string>SDKROOT</string>
		</dict>
		<key>74366EC1158AAF7E00A17D8A</key>
		<dict>
			<key>isa</key>
			<string>PBXFileReference</string>
			<key>lastKnownFileType</key>
			<string>wrapper.framework</string>
			<key>name</key>
			<string>Security.framework</string>
			<key>path</key>
			<string>System/Library/Frameworks/Security.framework</string>
			<key>sourceTree</key>
			<string>SDKROOT</string>
		</dict>
		<key>74366EC2158AAF7E00A17D8A</key>
		<dict>
			<key>isa</key>
			<string>PBXFileReference</string>
			<key>lastKnownFileType</key>
			<string>wrapper.framework</string>
			<key>name</key>
			<string>SystemConfiguration.framework</string>
			<key>path</key>
			<string>System/Library/Frameworks/SystemConfiguration.framework</string>
			<key>sourceTree</key>
			<string>SDKROOT</string>
		</dict>
		<key>74366EC3158AAF7E00A17D8A</key>
		<dict>
			<key>fileRef</key>
			<string>74366EBD158AAF7E00A17D8A</string>
			<key>isa</key>
			<string>PBXBuildFile</string>
		</dict>
		<key>74366EC4158AAF7E00A17D8A</key>
		<dict>
			<key>fileRef</key>
			<string>74366EBE158AAF7E00A17D8A</string>
			<key>isa</key>
			<string>PBXBuildFile</string>
		</dict>
		<key>74366EC5158AAF7E00A17D8A</key>
		<dict>
			<key>fileRef</key>
			<string>74366EBF158AAF7E00A17D8A</string>
			<key>isa</key>
			<string>PBXBuildFile</string>
		</dict>
		<key>74366EC6158AAF7E00A17D8A</key>
		<dict>
			<key>fileRef</key>
			<string>74366EC0158AAF7E00A17D8A</string>
			<key>isa</key>
			<string>PBXBuildFile</string>
		</dict>
		<key>74366EC7158AAF7E00A17D8A</key>
		<dict>
			<key>fileRef</key>
			<string>74366EC1158AAF7E00A17D8A</string>
			<key>isa</key>
			<string>PBXBuildFile</string>
		</dict>
		<key>74366EC8158AAF7E00A17D8A</key>
		<dict>
			<key>fileRef</key>
			<string>74366EC2158AAF7E00A17D8A</string>
			<key>isa</key>
			<string>PBXBuildFile</string>
		</dict>
		<key>74366EC9158AB00E00A17D8A</key>
		<dict>
			<key>isa</key>
			<string>PBXFileReference</string>
			<key>lastKnownFileType</key>
			<string>wrapper.framework</string>
			<key>name</key>
			<string>QuartzCore.framework</string>
			<key>path</key>
			<string>System/Library/Frameworks/QuartzCore.framework</string>
			<key>sourceTree</key>
			<string>SDKROOT</string>
		</dict>
		<key>74366ECA158AB00E00A17D8A</key>
		<dict>
			<key>fileRef</key>
			<string>74366EC9158AB00E00A17D8A</string>
			<key>isa</key>
			<string>PBXBuildFile</string>
		</dict>
		<key>74366EDD158AB49300A17D8A</key>
		<dict>
			<key>fileEncoding</key>
			<string>4</string>
			<key>isa</key>
			<string>PBXFileReference</string>
			<key>lastKnownFileType</key>
			<string>sourcecode.c.h</string>
			<key>path</key>
			<string>DemoTableViewController.h</string>
			<key>sourceTree</key>
			<string>&lt;group&gt;</string>
		</dict>
		<key>74366EDE158AB49300A17D8A</key>
		<dict>
			<key>fileEncoding</key>
			<string>4</string>
			<key>isa</key>
			<string>PBXFileReference</string>
			<key>lastKnownFileType</key>
			<string>sourcecode.c.objc</string>
			<key>path</key>
			<string>DemoTableViewController.m</string>
			<key>sourceTree</key>
			<string>&lt;group&gt;</string>
		</dict>
		<key>74366EDF158AB49300A17D8A</key>
		<dict>
			<key>fileRef</key>
			<string>74366EDE158AB49300A17D8A</string>
			<key>isa</key>
			<string>PBXBuildFile</string>
		</dict>
		<key>74366EE4158AC82C00A17D8A</key>
		<dict>
			<key>fileEncoding</key>
			<string>4</string>
			<key>isa</key>
			<string>PBXFileReference</string>
			<key>lastKnownFileType</key>
			<string>sourcecode.c.h</string>
			<key>path</key>
			<string>DefaultSettingsViewController.h</string>
			<key>sourceTree</key>
			<string>&lt;group&gt;</string>
		</dict>
		<key>74366EE5158AC82C00A17D8A</key>
		<dict>
			<key>fileEncoding</key>
			<string>4</string>
			<key>isa</key>
			<string>PBXFileReference</string>
			<key>lastKnownFileType</key>
			<string>sourcecode.c.objc</string>
			<key>path</key>
			<string>DefaultSettingsViewController.m</string>
			<key>sourceTree</key>
			<string>&lt;group&gt;</string>
		</dict>
		<key>74366EE6158AC82C00A17D8A</key>
		<dict>
			<key>fileEncoding</key>
			<string>4</string>
			<key>isa</key>
			<string>PBXFileReference</string>
			<key>lastKnownFileType</key>
			<string>file.xib</string>
			<key>path</key>
			<string>DefaultSettingsViewController.xib</string>
			<key>sourceTree</key>
			<string>&lt;group&gt;</string>
		</dict>
		<key>74366EE7158AC82C00A17D8A</key>
		<dict>
			<key>fileRef</key>
			<string>74366EE5158AC82C00A17D8A</string>
			<key>isa</key>
			<string>PBXBuildFile</string>
		</dict>
		<key>74366EE8158AC82C00A17D8A</key>
		<dict>
			<key>fileRef</key>
			<string>74366EE6158AC82C00A17D8A</string>
			<key>isa</key>
			<string>PBXBuildFile</string>
		</dict>
		<key>74366EEF158AF29000A17D8A</key>
		<dict>
			<key>children</key>
			<array>
				<string>74366EE4158AC82C00A17D8A</string>
				<string>74366EE5158AC82C00A17D8A</string>
				<string>74366EE6158AC82C00A17D8A</string>
			</array>
			<key>isa</key>
			<string>PBXGroup</string>
			<key>name</key>
			<string>Default Settings</string>
			<key>sourceTree</key>
			<string>&lt;group&gt;</string>
		</dict>
		<key>74366EF0158AF29A00A17D8A</key>
		<dict>
			<key>children</key>
			<array>
				<string>74366EF1158AF2D300A17D8A</string>
				<string>74366EF2158AF2D300A17D8A</string>
				<string>74366EF3158AF2D300A17D8A</string>
			</array>
			<key>isa</key>
			<string>PBXGroup</string>
			<key>name</key>
			<string>Property Customization</string>
			<key>sourceTree</key>
			<string>&lt;group&gt;</string>
		</dict>
		<key>74366EF1158AF2D300A17D8A</key>
		<dict>
			<key>fileEncoding</key>
			<string>4</string>
			<key>isa</key>
			<string>PBXFileReference</string>
			<key>lastKnownFileType</key>
			<string>sourcecode.c.h</string>
			<key>path</key>
			<string>PropertyConfigViewController.h</string>
			<key>sourceTree</key>
			<string>&lt;group&gt;</string>
		</dict>
		<key>74366EF2158AF2D300A17D8A</key>
		<dict>
			<key>fileEncoding</key>
			<string>4</string>
			<key>isa</key>
			<string>PBXFileReference</string>
			<key>lastKnownFileType</key>
			<string>sourcecode.c.objc</string>
			<key>path</key>
			<string>PropertyConfigViewController.m</string>
			<key>sourceTree</key>
			<string>&lt;group&gt;</string>
		</dict>
		<key>74366EF3158AF2D300A17D8A</key>
		<dict>
			<key>fileEncoding</key>
			<string>4</string>
			<key>isa</key>
			<string>PBXFileReference</string>
			<key>lastKnownFileType</key>
			<string>file.xib</string>
			<key>path</key>
			<string>PropertyConfigViewController.xib</string>
			<key>sourceTree</key>
			<string>&lt;group&gt;</string>
		</dict>
		<key>74366EF4158AF2D300A17D8A</key>
		<dict>
			<key>fileRef</key>
			<string>74366EF2158AF2D300A17D8A</string>
			<key>isa</key>
			<string>PBXBuildFile</string>
		</dict>
		<key>74366EF5158AF2D300A17D8A</key>
		<dict>
			<key>fileRef</key>
			<string>74366EF3158AF2D300A17D8A</string>
			<key>isa</key>
			<string>PBXBuildFile</string>
		</dict>
		<key>74366EF6158B959200A17D8A</key>
		<dict>
			<key>children</key>
			<array>
				<string>74366EF7158B95C800A17D8A</string>
				<string>74366EF8158B95C800A17D8A</string>
				<string>74366F01158B973C00A17D8A</string>
				<string>74366F02158B973C00A17D8A</string>
				<string>74366F04158B975500A17D8A</string>
				<string>74366F05158B975500A17D8A</string>
			</array>
			<key>isa</key>
			<string>PBXGroup</string>
			<key>name</key>
			<string>Subclass Customization</string>
			<key>sourceTree</key>
			<string>&lt;group&gt;</string>
		</dict>
		<key>74366EF7158B95C800A17D8A</key>
		<dict>
			<key>fileEncoding</key>
			<string>4</string>
			<key>isa</key>
			<string>PBXFileReference</string>
			<key>lastKnownFileType</key>
			<string>sourcecode.c.h</string>
			<key>path</key>
			<string>SubclassConfigViewController.h</string>
			<key>sourceTree</key>
			<string>&lt;group&gt;</string>
		</dict>
		<key>74366EF8158B95C800A17D8A</key>
		<dict>
			<key>fileEncoding</key>
			<string>4</string>
			<key>isa</key>
			<string>PBXFileReference</string>
			<key>lastKnownFileType</key>
			<string>sourcecode.c.objc</string>
			<key>path</key>
			<string>SubclassConfigViewController.m</string>
			<key>sourceTree</key>
			<string>&lt;group&gt;</string>
		</dict>
		<key>74366EFA158B95C800A17D8A</key>
		<dict>
			<key>fileRef</key>
			<string>74366EF8158B95C800A17D8A</string>
			<key>isa</key>
			<string>PBXBuildFile</string>
		</dict>
		<key>74366F01158B973C00A17D8A</key>
		<dict>
			<key>fileEncoding</key>
			<string>4</string>
			<key>isa</key>
			<string>PBXFileReference</string>
			<key>lastKnownFileType</key>
			<string>sourcecode.c.h</string>
			<key>path</key>
			<string>MyLogInViewController.h</string>
			<key>sourceTree</key>
			<string>&lt;group&gt;</string>
		</dict>
		<key>74366F02158B973C00A17D8A</key>
		<dict>
			<key>fileEncoding</key>
			<string>4</string>
			<key>isa</key>
			<string>PBXFileReference</string>
			<key>lastKnownFileType</key>
			<string>sourcecode.c.objc</string>
			<key>path</key>
			<string>MyLogInViewController.m</string>
			<key>sourceTree</key>
			<string>&lt;group&gt;</string>
		</dict>
		<key>74366F03158B973C00A17D8A</key>
		<dict>
			<key>fileRef</key>
			<string>74366F02158B973C00A17D8A</string>
			<key>isa</key>
			<string>PBXBuildFile</string>
		</dict>
		<key>74366F04158B975500A17D8A</key>
		<dict>
			<key>fileEncoding</key>
			<string>4</string>
			<key>isa</key>
			<string>PBXFileReference</string>
			<key>lastKnownFileType</key>
			<string>sourcecode.c.h</string>
			<key>path</key>
			<string>MySignUpViewController.h</string>
			<key>sourceTree</key>
			<string>&lt;group&gt;</string>
		</dict>
		<key>74366F05158B975500A17D8A</key>
		<dict>
			<key>fileEncoding</key>
			<string>4</string>
			<key>isa</key>
			<string>PBXFileReference</string>
			<key>lastKnownFileType</key>
			<string>sourcecode.c.objc</string>
			<key>path</key>
			<string>MySignUpViewController.m</string>
			<key>sourceTree</key>
			<string>&lt;group&gt;</string>
		</dict>
		<key>74366F06158B975500A17D8A</key>
		<dict>
			<key>fileRef</key>
			<string>74366F05158B975500A17D8A</string>
			<key>isa</key>
			<string>PBXBuildFile</string>
		</dict>
		<key>74731800FD0DF86888E4B48F</key>
		<dict>
			<key>includeInIndex</key>
			<string>1</string>
			<key>isa</key>
			<string>PBXFileReference</string>
			<key>lastKnownFileType</key>
			<string>text.xcconfig</string>
			<key>name</key>
			<string>Pods.debug.xcconfig</string>
			<key>path</key>
			<string>Pods/Target Support Files/Pods/Pods.debug.xcconfig</string>
			<key>sourceTree</key>
			<string>&lt;group&gt;</string>
		</dict>
		<key>747F006A15951A58000F601E</key>
		<dict>
			<key>isa</key>
			<string>PBXFileReference</string>
			<key>lastKnownFileType</key>
			<string>image.png</string>
			<key>path</key>
			<string>Exit.png</string>
			<key>sourceTree</key>
			<string>&lt;group&gt;</string>
		</dict>
		<key>747F006B15951A58000F601E</key>
		<dict>
			<key>isa</key>
			<string>PBXFileReference</string>
			<key>lastKnownFileType</key>
			<string>image.png</string>
			<key>path</key>
			<string>ExitDown.png</string>
			<key>sourceTree</key>
			<string>&lt;group&gt;</string>
		</dict>
		<key>747F006C15951A58000F601E</key>
		<dict>
			<key>isa</key>
			<string>PBXFileReference</string>
			<key>lastKnownFileType</key>
			<string>image.png</string>
			<key>path</key>
			<string>Facebook.png</string>
			<key>sourceTree</key>
			<string>&lt;group&gt;</string>
		</dict>
		<key>747F006D15951A58000F601E</key>
		<dict>
			<key>isa</key>
			<string>PBXFileReference</string>
			<key>lastKnownFileType</key>
			<string>image.png</string>
			<key>path</key>
			<string>FacebookDown.png</string>
			<key>sourceTree</key>
			<string>&lt;group&gt;</string>
		</dict>
		<key>747F006E15951A58000F601E</key>
		<dict>
			<key>isa</key>
			<string>PBXFileReference</string>
			<key>lastKnownFileType</key>
			<string>image.png</string>
			<key>path</key>
			<string>LoginFieldBG.png</string>
			<key>sourceTree</key>
			<string>&lt;group&gt;</string>
		</dict>
		<key>747F007015951A58000F601E</key>
		<dict>
			<key>isa</key>
			<string>PBXFileReference</string>
			<key>lastKnownFileType</key>
			<string>image.png</string>
			<key>path</key>
			<string>MainBG.png</string>
			<key>sourceTree</key>
			<string>&lt;group&gt;</string>
		</dict>
		<key>747F007115951A58000F601E</key>
		<dict>
			<key>isa</key>
			<string>PBXFileReference</string>
			<key>lastKnownFileType</key>
			<string>image.png</string>
			<key>path</key>
			<string>SignUp.png</string>
			<key>sourceTree</key>
			<string>&lt;group&gt;</string>
		</dict>
		<key>747F007215951A58000F601E</key>
		<dict>
			<key>isa</key>
			<string>PBXFileReference</string>
			<key>lastKnownFileType</key>
			<string>image.png</string>
			<key>path</key>
			<string>SignUpDown.png</string>
			<key>sourceTree</key>
			<string>&lt;group&gt;</string>
		</dict>
		<key>747F007315951A58000F601E</key>
		<dict>
			<key>isa</key>
			<string>PBXFileReference</string>
			<key>lastKnownFileType</key>
			<string>image.png</string>
			<key>path</key>
			<string>SignUpFieldBG.png</string>
			<key>sourceTree</key>
			<string>&lt;group&gt;</string>
		</dict>
		<key>747F007415951A58000F601E</key>
		<dict>
			<key>isa</key>
			<string>PBXFileReference</string>
			<key>lastKnownFileType</key>
			<string>image.png</string>
			<key>path</key>
			<string>Twitter.png</string>
			<key>sourceTree</key>
			<string>&lt;group&gt;</string>
		</dict>
		<key>747F007515951A58000F601E</key>
		<dict>
			<key>isa</key>
			<string>PBXFileReference</string>
			<key>lastKnownFileType</key>
			<string>image.png</string>
			<key>path</key>
			<string>TwitterDown.png</string>
			<key>sourceTree</key>
			<string>&lt;group&gt;</string>
		</dict>
		<key>747F007615951A58000F601E</key>
		<dict>
			<key>fileRef</key>
			<string>747F006A15951A58000F601E</string>
			<key>isa</key>
			<string>PBXBuildFile</string>
		</dict>
		<key>747F007715951A58000F601E</key>
		<dict>
			<key>fileRef</key>
			<string>747F006B15951A58000F601E</string>
			<key>isa</key>
			<string>PBXBuildFile</string>
		</dict>
		<key>747F007815951A58000F601E</key>
		<dict>
			<key>fileRef</key>
			<string>747F006C15951A58000F601E</string>
			<key>isa</key>
			<string>PBXBuildFile</string>
		</dict>
		<key>747F007915951A58000F601E</key>
		<dict>
			<key>fileRef</key>
			<string>747F006D15951A58000F601E</string>
			<key>isa</key>
			<string>PBXBuildFile</string>
		</dict>
		<key>747F007A15951A58000F601E</key>
		<dict>
			<key>fileRef</key>
			<string>747F006E15951A58000F601E</string>
			<key>isa</key>
			<string>PBXBuildFile</string>
		</dict>
		<key>747F007C15951A58000F601E</key>
		<dict>
			<key>fileRef</key>
			<string>747F007015951A58000F601E</string>
			<key>isa</key>
			<string>PBXBuildFile</string>
		</dict>
		<key>747F007D15951A58000F601E</key>
		<dict>
			<key>fileRef</key>
			<string>747F007115951A58000F601E</string>
			<key>isa</key>
			<string>PBXBuildFile</string>
		</dict>
		<key>747F007E15951A58000F601E</key>
		<dict>
			<key>fileRef</key>
			<string>747F007215951A58000F601E</string>
			<key>isa</key>
			<string>PBXBuildFile</string>
		</dict>
		<key>747F007F15951A58000F601E</key>
		<dict>
			<key>fileRef</key>
			<string>747F007315951A58000F601E</string>
			<key>isa</key>
			<string>PBXBuildFile</string>
		</dict>
		<key>747F008015951A58000F601E</key>
		<dict>
			<key>fileRef</key>
			<string>747F007415951A58000F601E</string>
			<key>isa</key>
			<string>PBXBuildFile</string>
		</dict>
		<key>747F008115951A58000F601E</key>
		<dict>
			<key>fileRef</key>
			<string>747F007515951A58000F601E</string>
			<key>isa</key>
			<string>PBXBuildFile</string>
		</dict>
		<key>7C5B0A058B61701C47A59B46</key>
		<dict>
			<key>fileRef</key>
			<string>6D01376EA8AF89C4E396A9CD</string>
			<key>isa</key>
			<string>PBXBuildFile</string>
		</dict>
		<key>9B23659335DA21691107A01C</key>
		<dict>
			<key>buildActionMask</key>
			<string>2147483647</string>
			<key>files</key>
			<array/>
			<key>inputPaths</key>
			<array/>
			<key>isa</key>
			<string>PBXShellScriptBuildPhase</string>
			<key>name</key>
			<string>Check Pods Manifest.lock</string>
			<key>outputPaths</key>
			<array/>
			<key>runOnlyForDeploymentPostprocessing</key>
			<string>0</string>
			<key>shellPath</key>
			<string>/bin/sh</string>
			<key>shellScript</key>
			<string>diff "${PODS_ROOT}/../Podfile.lock" "${PODS_ROOT}/Manifest.lock" &gt; /dev/null
if [[ $? != 0 ]] ; then
    cat &lt;&lt; EOM
error: The sandbox is not in sync with the Podfile.lock. Run 'pod install' or update your CocoaPods installation.
EOM
    exit 1
fi
</string>
			<key>showEnvVarsInLog</key>
			<string>0</string>
		</dict>
		<key>C4BBB7B316FD2ABC003CA3F7</key>
		<dict>
			<key>isa</key>
			<string>PBXFileReference</string>
			<key>lastKnownFileType</key>
			<string>wrapper.framework</string>
			<key>name</key>
			<string>CoreLocation.framework</string>
			<key>path</key>
			<string>System/Library/Frameworks/CoreLocation.framework</string>
			<key>sourceTree</key>
			<string>SDKROOT</string>
		</dict>
		<key>C4BBB7B416FD2ABC003CA3F7</key>
		<dict>
			<key>isa</key>
			<string>PBXFileReference</string>
			<key>lastKnownFileType</key>
			<string>wrapper.framework</string>
			<key>name</key>
			<string>StoreKit.framework</string>
			<key>path</key>
			<string>System/Library/Frameworks/StoreKit.framework</string>
			<key>sourceTree</key>
			<string>SDKROOT</string>
		</dict>
		<key>C4BBB7B516FD2ABC003CA3F7</key>
		<dict>
			<key>fileRef</key>
			<string>C4BBB7B316FD2ABC003CA3F7</string>
			<key>isa</key>
			<string>PBXBuildFile</string>
		</dict>
		<key>C4BBB7B616FD2ABC003CA3F7</key>
		<dict>
			<key>fileRef</key>
			<string>C4BBB7B416FD2ABC003CA3F7</string>
			<key>isa</key>
			<string>PBXBuildFile</string>
		</dict>
		<key>C4BBB7B716FD2B0F003CA3F7</key>
		<dict>
			<key>isa</key>
			<string>PBXFileReference</string>
			<key>lastKnownFileType</key>
			<string>wrapper.framework</string>
			<key>name</key>
			<string>Accounts.framework</string>
			<key>path</key>
			<string>System/Library/Frameworks/Accounts.framework</string>
			<key>sourceTree</key>
			<string>SDKROOT</string>
		</dict>
		<key>C4BBB7B816FD2B0F003CA3F7</key>
		<dict>
			<key>isa</key>
			<string>PBXFileReference</string>
			<key>lastKnownFileType</key>
			<string>wrapper.framework</string>
			<key>name</key>
			<string>AdSupport.framework</string>
			<key>path</key>
			<string>System/Library/Frameworks/AdSupport.framework</string>
			<key>sourceTree</key>
			<string>SDKROOT</string>
		</dict>
		<key>C4BBB7B916FD2B0F003CA3F7</key>
		<dict>
			<key>isa</key>
			<string>PBXFileReference</string>
			<key>lastKnownFileType</key>
			<string>wrapper.framework</string>
			<key>name</key>
			<string>Social.framework</string>
			<key>path</key>
			<string>System/Library/Frameworks/Social.framework</string>
			<key>sourceTree</key>
			<string>SDKROOT</string>
		</dict>
		<key>C4BBB7BA16FD2B0F003CA3F7</key>
		<dict>
			<key>fileRef</key>
			<string>C4BBB7B716FD2B0F003CA3F7</string>
			<key>isa</key>
			<string>PBXBuildFile</string>
			<key>settings</key>
			<dict>
				<key>ATTRIBUTES</key>
				<array>
					<string>Weak</string>
				</array>
			</dict>
		</dict>
		<key>C4BBB7BB16FD2B0F003CA3F7</key>
		<dict>
			<key>fileRef</key>
			<string>C4BBB7B816FD2B0F003CA3F7</string>
			<key>isa</key>
			<string>PBXBuildFile</string>
			<key>settings</key>
			<dict>
				<key>ATTRIBUTES</key>
				<array>
					<string>Weak</string>
				</array>
			</dict>
		</dict>
		<key>C4BBB7BC16FD2B0F003CA3F7</key>
		<dict>
			<key>fileRef</key>
			<string>C4BBB7B916FD2B0F003CA3F7</string>
			<key>isa</key>
			<string>PBXBuildFile</string>
			<key>settings</key>
			<dict>
				<key>ATTRIBUTES</key>
				<array>
					<string>Weak</string>
				</array>
			</dict>
		</dict>
		<key>C4BBB7BD16FD2B7D003CA3F7</key>
		<dict>
			<key>isa</key>
			<string>PBXFileReference</string>
			<key>lastKnownFileType</key>
			<string>compiled.mach-o.dylib</string>
			<key>name</key>
			<string>libsqlite3.0.dylib</string>
			<key>path</key>
			<string>usr/lib/libsqlite3.0.dylib</string>
			<key>sourceTree</key>
			<string>SDKROOT</string>
		</dict>
		<key>C4BBB7BE16FD2B7D003CA3F7</key>
		<dict>
			<key>fileRef</key>
			<string>C4BBB7BD16FD2B7D003CA3F7</string>
			<key>isa</key>
			<string>PBXBuildFile</string>
		</dict>
		<key>C4BBB7BF16FD2D73003CA3F7</key>
		<dict>
			<key>isa</key>
			<string>PBXFileReference</string>
			<key>lastKnownFileType</key>
			<string>image.png</string>
			<key>path</key>
			<string>Default@2x.png</string>
			<key>sourceTree</key>
			<string>&lt;group&gt;</string>
		</dict>
		<key>C4BBB7C016FD2D73003CA3F7</key>
		<dict>
			<key>isa</key>
			<string>PBXFileReference</string>
			<key>lastKnownFileType</key>
			<string>image.png</string>
			<key>path</key>
			<string>Default.png</string>
			<key>sourceTree</key>
			<string>&lt;group&gt;</string>
		</dict>
		<key>C4BBB7C116FD2D73003CA3F7</key>
		<dict>
			<key>isa</key>
			<string>PBXFileReference</string>
			<key>lastKnownFileType</key>
			<string>image.png</string>
			<key>path</key>
			<string>Default-568h@2x.png</string>
			<key>sourceTree</key>
			<string>&lt;group&gt;</string>
		</dict>
		<key>C4BBB7C216FD2D73003CA3F7</key>
		<dict>
			<key>fileRef</key>
			<string>C4BBB7BF16FD2D73003CA3F7</string>
			<key>isa</key>
			<string>PBXBuildFile</string>
		</dict>
		<key>C4BBB7C316FD2D73003CA3F7</key>
		<dict>
			<key>fileRef</key>
			<string>C4BBB7C016FD2D73003CA3F7</string>
			<key>isa</key>
			<string>PBXBuildFile</string>
		</dict>
		<key>C4BBB7C416FD2D73003CA3F7</key>
		<dict>
			<key>fileRef</key>
			<string>C4BBB7C116FD2D73003CA3F7</string>
			<key>isa</key>
			<string>PBXBuildFile</string>
		</dict>
		<key>C4FD613517286AC800F61563</key>
		<dict>
			<key>isa</key>
			<string>PBXFileReference</string>
			<key>lastKnownFileType</key>
			<string>image.png</string>
			<key>name</key>
			<string>Icon.png</string>
			<key>path</key>
			<string>../Icon.png</string>
			<key>sourceTree</key>
			<string>&lt;group&gt;</string>
		</dict>
		<key>C4FD613617286AC800F61563</key>
		<dict>
			<key>fileRef</key>
			<string>C4FD613517286AC800F61563</string>
			<key>isa</key>
			<string>PBXBuildFile</string>
		</dict>
		<key>C4FD613717286ACD00F61563</key>
		<dict>
			<key>isa</key>
			<string>PBXFileReference</string>
			<key>lastKnownFileType</key>
			<string>image.png</string>
			<key>name</key>
			<string>Icon@2x.png</string>
			<key>path</key>
			<string>../Icon@2x.png</string>
			<key>sourceTree</key>
			<string>&lt;group&gt;</string>
		</dict>
		<key>C4FD613817286ACD00F61563</key>
		<dict>
			<key>fileRef</key>
			<string>C4FD613717286ACD00F61563</string>
			<key>isa</key>
			<string>PBXBuildFile</string>
		</dict>
	</dict>
	<key>rootObject</key>
	<string>74366E99158AAE0F00A17D8A</string>
</dict>
</plist>
